// !$*UTF8*$!
{
	archiveVersion = 1;
	classes = {
	};
	objectVersion = 42;
	objects = {

/* Begin PBXBuildFile section */
		1542BBA411E4C08100646071 /* BoidFood.cpp in Sources */ = {isa = PBXBuildFile; fileRef = 1542BBA311E4C08100646071 /* BoidFood.cpp */; };
		1583D02E11E5B3E700EB1BA6 /* BoidForce.cpp in Sources */ = {isa = PBXBuildFile; fileRef = 1583D02D11E5B3E700EB1BA6 /* BoidForce.cpp */; };
		15A2C9FA11E5570B0087EB00 /* Flock.cpp in Sources */ = {isa = PBXBuildFile; fileRef = 15A2C9F911E5570B0087EB00 /* Flock.cpp */; };
		15C88FC911E60446006C38FA /* BoidObstacle.cpp in Sources */ = {isa = PBXBuildFile; fileRef = 15C88FC811E60446006C38FA /* BoidObstacle.cpp */; };
		15CFC1E111E9D29500E1FC64 /* openCV.a in Frameworks */ = {isa = PBXBuildFile; fileRef = 15CFC1CF11E9D29500E1FC64 /* openCV.a */; };
		15CFC1E211E9D29500E1FC64 /* ofxCvColorImage.cpp in Sources */ = {isa = PBXBuildFile; fileRef = 15CFC1D211E9D29500E1FC64 /* ofxCvColorImage.cpp */; };
		15CFC1E311E9D29500E1FC64 /* ofxCvContourFinder.cpp in Sources */ = {isa = PBXBuildFile; fileRef = 15CFC1D511E9D29500E1FC64 /* ofxCvContourFinder.cpp */; };
		15CFC1E411E9D29500E1FC64 /* ofxCvFloatImage.cpp in Sources */ = {isa = PBXBuildFile; fileRef = 15CFC1D711E9D29500E1FC64 /* ofxCvFloatImage.cpp */; };
		15CFC1E511E9D29500E1FC64 /* ofxCvGrayscaleImage.cpp in Sources */ = {isa = PBXBuildFile; fileRef = 15CFC1D911E9D29500E1FC64 /* ofxCvGrayscaleImage.cpp */; };
		15CFC1E611E9D29500E1FC64 /* ofxCvImage.cpp in Sources */ = {isa = PBXBuildFile; fileRef = 15CFC1DB11E9D29500E1FC64 /* ofxCvImage.cpp */; };
		15CFC1E711E9D29500E1FC64 /* ofxCvShortImage.cpp in Sources */ = {isa = PBXBuildFile; fileRef = 15CFC1DE11E9D29500E1FC64 /* ofxCvShortImage.cpp */; };
		B274CDFF11E15B1700E26214 /* Boid.cpp in Sources */ = {isa = PBXBuildFile; fileRef = B274CDFE11E15B1700E26214 /* Boid.cpp */; };
		B274CE1D11E15BE500E26214 /* ofxMatrix3x3.cpp in Sources */ = {isa = PBXBuildFile; fileRef = B274CE1011E15BE500E26214 /* ofxMatrix3x3.cpp */; };
		B274CE1E11E15BE500E26214 /* ofxMatrix4x4.cpp in Sources */ = {isa = PBXBuildFile; fileRef = B274CE1211E15BE500E26214 /* ofxMatrix4x4.cpp */; };
		B274CE1F11E15BE500E26214 /* ofxQuaternion.cpp in Sources */ = {isa = PBXBuildFile; fileRef = B274CE1711E15BE500E26214 /* ofxQuaternion.cpp */; };
		B274CF6811E1ADD600E26214 /* ofxSimpleGuiButton.cpp in Sources */ = {isa = PBXBuildFile; fileRef = B274CF4611E1ADD600E26214 /* ofxSimpleGuiButton.cpp */; };
		B274CF6911E1ADD600E26214 /* ofxSimpleGuiColorPicker.cpp in Sources */ = {isa = PBXBuildFile; fileRef = B274CF4811E1ADD600E26214 /* ofxSimpleGuiColorPicker.cpp */; };
		B274CF6A11E1ADD600E26214 /* ofxSimpleGuiContent.cpp in Sources */ = {isa = PBXBuildFile; fileRef = B274CF4A11E1ADD600E26214 /* ofxSimpleGuiContent.cpp */; };
		B274CF6B11E1ADD600E26214 /* ofxSimpleGuiFPSCounter.cpp in Sources */ = {isa = PBXBuildFile; fileRef = B274CF4C11E1ADD600E26214 /* ofxSimpleGuiFPSCounter.cpp */; };
		B274CF6C11E1ADD600E26214 /* ofxSimpleGuiMovieSlider.cpp in Sources */ = {isa = PBXBuildFile; fileRef = B274CF4E11E1ADD600E26214 /* ofxSimpleGuiMovieSlider.cpp */; };
		B274CF6D11E1ADD600E26214 /* ofxSimpleGuiOption.cpp in Sources */ = {isa = PBXBuildFile; fileRef = B274CF5011E1ADD600E26214 /* ofxSimpleGuiOption.cpp */; };
		B274CF6E11E1ADD600E26214 /* ofxSimpleGuiOptionGroup.cpp in Sources */ = {isa = PBXBuildFile; fileRef = B274CF5211E1ADD600E26214 /* ofxSimpleGuiOptionGroup.cpp */; };
		B274CF6F11E1ADD600E26214 /* ofxSimpleGuiQuadWarp.cpp in Sources */ = {isa = PBXBuildFile; fileRef = B274CF5411E1ADD600E26214 /* ofxSimpleGuiQuadWarp.cpp */; };
		B274CF7011E1ADD600E26214 /* ofxSimpleGuiSlider2d.cpp in Sources */ = {isa = PBXBuildFile; fileRef = B274CF5611E1ADD600E26214 /* ofxSimpleGuiSlider2d.cpp */; };
		B274CF7111E1ADD600E26214 /* ofxSimpleGuiTitle.cpp in Sources */ = {isa = PBXBuildFile; fileRef = B274CF5B11E1ADD600E26214 /* ofxSimpleGuiTitle.cpp */; };
		B274CF7211E1ADD600E26214 /* ofxSimpleGuiToggle.cpp in Sources */ = {isa = PBXBuildFile; fileRef = B274CF5D11E1ADD600E26214 /* ofxSimpleGuiToggle.cpp */; };
		B274CF7311E1ADD600E26214 /* ofxSimpleGuiConfig.cpp in Sources */ = {isa = PBXBuildFile; fileRef = B274CF5F11E1ADD600E26214 /* ofxSimpleGuiConfig.cpp */; };
		B274CF7411E1ADD600E26214 /* ofxSimpleGuiControl.cpp in Sources */ = {isa = PBXBuildFile; fileRef = B274CF6111E1ADD600E26214 /* ofxSimpleGuiControl.cpp */; };
		B274CF7511E1ADD600E26214 /* ofxSimpleGuiPage.cpp in Sources */ = {isa = PBXBuildFile; fileRef = B274CF6411E1ADD600E26214 /* ofxSimpleGuiPage.cpp */; };
		B274CF7611E1ADD600E26214 /* ofxSimpleGuiToo.cpp in Sources */ = {isa = PBXBuildFile; fileRef = B274CF6611E1ADD600E26214 /* ofxSimpleGuiToo.cpp */; };
		B274CF8011E1ADDF00E26214 /* tinyxml.cpp in Sources */ = {isa = PBXBuildFile; fileRef = B274CF7911E1ADDF00E26214 /* tinyxml.cpp */; };
		B274CF8111E1ADDF00E26214 /* tinyxmlerror.cpp in Sources */ = {isa = PBXBuildFile; fileRef = B274CF7B11E1ADDF00E26214 /* tinyxmlerror.cpp */; };
		B274CF8211E1ADDF00E26214 /* tinyxmlparser.cpp in Sources */ = {isa = PBXBuildFile; fileRef = B274CF7C11E1ADDF00E26214 /* tinyxmlparser.cpp */; };
		B274CF8311E1ADDF00E26214 /* ofxXmlSettings.cpp in Sources */ = {isa = PBXBuildFile; fileRef = B274CF7E11E1ADDF00E26214 /* ofxXmlSettings.cpp */; };
		B274CF8811E1ADE600E26214 /* ofxMSAInteractiveObject.cpp in Sources */ = {isa = PBXBuildFile; fileRef = B274CF8611E1ADE600E26214 /* ofxMSAInteractiveObject.cpp */; };
		E45BE0AA0E8CC67C009D7055 /* GLee.a in Frameworks */ = {isa = PBXBuildFile; fileRef = E45BE0A90E8CC67C009D7055 /* GLee.a */; };
		E45BE2E40E8CC69C009D7055 /* rtAudio.a in Frameworks */ = {isa = PBXBuildFile; fileRef = E45BE2E30E8CC69C009D7055 /* rtAudio.a */; };
		E45BE97B0E8CC7DD009D7055 /* AGL.framework in Frameworks */ = {isa = PBXBuildFile; fileRef = E45BE9710E8CC7DD009D7055 /* AGL.framework */; };
		E45BE97C0E8CC7DD009D7055 /* ApplicationServices.framework in Frameworks */ = {isa = PBXBuildFile; fileRef = E45BE9720E8CC7DD009D7055 /* ApplicationServices.framework */; };
		E45BE97D0E8CC7DD009D7055 /* AudioToolbox.framework in Frameworks */ = {isa = PBXBuildFile; fileRef = E45BE9730E8CC7DD009D7055 /* AudioToolbox.framework */; };
		E45BE97E0E8CC7DD009D7055 /* Carbon.framework in Frameworks */ = {isa = PBXBuildFile; fileRef = E45BE9740E8CC7DD009D7055 /* Carbon.framework */; };
		E45BE97F0E8CC7DD009D7055 /* CoreAudio.framework in Frameworks */ = {isa = PBXBuildFile; fileRef = E45BE9750E8CC7DD009D7055 /* CoreAudio.framework */; };
		E45BE9800E8CC7DD009D7055 /* CoreFoundation.framework in Frameworks */ = {isa = PBXBuildFile; fileRef = E45BE9760E8CC7DD009D7055 /* CoreFoundation.framework */; };
		E45BE9810E8CC7DD009D7055 /* CoreServices.framework in Frameworks */ = {isa = PBXBuildFile; fileRef = E45BE9770E8CC7DD009D7055 /* CoreServices.framework */; };
		E45BE9830E8CC7DD009D7055 /* OpenGL.framework in Frameworks */ = {isa = PBXBuildFile; fileRef = E45BE9790E8CC7DD009D7055 /* OpenGL.framework */; };
		E45BE9840E8CC7DD009D7055 /* QuickTime.framework in Frameworks */ = {isa = PBXBuildFile; fileRef = E45BE97A0E8CC7DD009D7055 /* QuickTime.framework */; };
		E4B69E200A3A1BDC003C02F2 /* main.cpp in Sources */ = {isa = PBXBuildFile; fileRef = E4B69E1D0A3A1BDC003C02F2 /* main.cpp */; };
		E4B69E210A3A1BDC003C02F2 /* testApp.cpp in Sources */ = {isa = PBXBuildFile; fileRef = E4B69E1E0A3A1BDC003C02F2 /* testApp.cpp */; };
		E4C2422B10CC554B004149E2 /* openFrameworksDebug.a in Frameworks */ = {isa = PBXBuildFile; fileRef = E4C2421E10CC549C004149E2 /* openFrameworksDebug.a */; };
		E4C2424710CC5A17004149E2 /* AppKit.framework in Frameworks */ = {isa = PBXBuildFile; fileRef = E4C2424410CC5A17004149E2 /* AppKit.framework */; };
		E4C2424810CC5A17004149E2 /* Cocoa.framework in Frameworks */ = {isa = PBXBuildFile; fileRef = E4C2424510CC5A17004149E2 /* Cocoa.framework */; };
		E4C2424910CC5A17004149E2 /* IOKit.framework in Frameworks */ = {isa = PBXBuildFile; fileRef = E4C2424610CC5A17004149E2 /* IOKit.framework */; };
		E4C2426610CC5A78004149E2 /* GLUT.framework in Frameworks */ = {isa = PBXBuildFile; fileRef = E4C2425F10CC5A78004149E2 /* GLUT.framework */; };
		E4C2426B10CC5AA6004149E2 /* GLUT.framework in CopyFiles */ = {isa = PBXBuildFile; fileRef = E4C2425F10CC5A78004149E2 /* GLUT.framework */; };
		E4C2427F10CC5B66004149E2 /* CppUnit.a in Frameworks */ = {isa = PBXBuildFile; fileRef = E4C2427A10CC5B66004149E2 /* CppUnit.a */; };
		E4C2428010CC5B66004149E2 /* PocoFoundation.a in Frameworks */ = {isa = PBXBuildFile; fileRef = E4C2427B10CC5B66004149E2 /* PocoFoundation.a */; };
		E4C2428110CC5B66004149E2 /* PocoNet.a in Frameworks */ = {isa = PBXBuildFile; fileRef = E4C2427C10CC5B66004149E2 /* PocoNet.a */; };
		E4C2428210CC5B66004149E2 /* PocoUtil.a in Frameworks */ = {isa = PBXBuildFile; fileRef = E4C2427D10CC5B66004149E2 /* PocoUtil.a */; };
		E4C2428310CC5B66004149E2 /* PocoXML.a in Frameworks */ = {isa = PBXBuildFile; fileRef = E4C2427E10CC5B66004149E2 /* PocoXML.a */; };
		E4C2429410CC5C38004149E2 /* freetype.a in Frameworks */ = {isa = PBXBuildFile; fileRef = E4C2429310CC5C38004149E2 /* freetype.a */; };
		E4C242CD10CC650E004149E2 /* libfmodex.dylib in Frameworks */ = {isa = PBXBuildFile; fileRef = E4C242CC10CC650E004149E2 /* libfmodex.dylib */; };
		E4C2443910CC7693004149E2 /* openFrameworks-Info.plist in CopyFiles */ = {isa = PBXBuildFile; fileRef = E4B6FCAD0C3E899E008CF71C /* openFrameworks-Info.plist */; };
		E4C246DA10CCAE22004149E2 /* freeimage.a in Frameworks */ = {isa = PBXBuildFile; fileRef = E4C246D910CCAE22004149E2 /* freeimage.a */; };
/* End PBXBuildFile section */

/* Begin PBXContainerItemProxy section */
		E4C2421D10CC549C004149E2 /* PBXContainerItemProxy */ = {
			isa = PBXContainerItemProxy;
			containerPortal = E4C2421610CC549C004149E2 /* openFrameworksLib.xcodeproj */;
			proxyType = 2;
			remoteGlobalIDString = E4B27C1510CBEB8E00536013;
			remoteInfo = openFrameworks;
		};
		E4C2422710CC54DA004149E2 /* PBXContainerItemProxy */ = {
			isa = PBXContainerItemProxy;
			containerPortal = E4C2421610CC549C004149E2 /* openFrameworksLib.xcodeproj */;
			proxyType = 1;
			remoteGlobalIDString = E4B27C1410CBEB8E00536013;
			remoteInfo = openFrameworks;
		};
/* End PBXContainerItemProxy section */

/* Begin PBXCopyFilesBuildPhase section */
		E4C2427710CC5ABF004149E2 /* CopyFiles */ = {
			isa = PBXCopyFilesBuildPhase;
			buildActionMask = 2147483647;
			dstPath = "";
			dstSubfolderSpec = 10;
			files = (
				E4C2426B10CC5AA6004149E2 /* GLUT.framework in CopyFiles */,
			);
			runOnlyForDeploymentPostprocessing = 0;
		};
		E4C2444710CC769B004149E2 /* CopyFiles */ = {
			isa = PBXCopyFilesBuildPhase;
			buildActionMask = 2147483647;
			dstPath = "";
			dstSubfolderSpec = 7;
			files = (
				E4C2443910CC7693004149E2 /* openFrameworks-Info.plist in CopyFiles */,
			);
			runOnlyForDeploymentPostprocessing = 0;
		};
/* End PBXCopyFilesBuildPhase section */

/* Begin PBXFileReference section */
		1542BBA211E4C08100646071 /* BoidFood.h */ = {isa = PBXFileReference; fileEncoding = 4; lastKnownFileType = sourcecode.c.h; path = BoidFood.h; sourceTree = "<group>"; };
		1542BBA311E4C08100646071 /* BoidFood.cpp */ = {isa = PBXFileReference; fileEncoding = 4; lastKnownFileType = sourcecode.cpp.cpp; path = BoidFood.cpp; sourceTree = "<group>"; };
		1583D02C11E5B3E700EB1BA6 /* BoidForce.h */ = {isa = PBXFileReference; fileEncoding = 4; lastKnownFileType = sourcecode.c.h; path = BoidForce.h; sourceTree = "<group>"; };
		1583D02D11E5B3E700EB1BA6 /* BoidForce.cpp */ = {isa = PBXFileReference; fileEncoding = 4; lastKnownFileType = sourcecode.cpp.cpp; path = BoidForce.cpp; sourceTree = "<group>"; };
		15A2C9F811E5570B0087EB00 /* Flock.h */ = {isa = PBXFileReference; fileEncoding = 4; lastKnownFileType = sourcecode.c.h; path = Flock.h; sourceTree = "<group>"; };
		15A2C9F911E5570B0087EB00 /* Flock.cpp */ = {isa = PBXFileReference; fileEncoding = 4; lastKnownFileType = sourcecode.cpp.cpp; path = Flock.cpp; sourceTree = "<group>"; };
		15C88FC711E60446006C38FA /* BoidObstacle.h */ = {isa = PBXFileReference; fileEncoding = 4; lastKnownFileType = sourcecode.c.h; path = BoidObstacle.h; sourceTree = "<group>"; };
		15C88FC811E60446006C38FA /* BoidObstacle.cpp */ = {isa = PBXFileReference; fileEncoding = 4; lastKnownFileType = sourcecode.cpp.cpp; path = BoidObstacle.cpp; sourceTree = "<group>"; };
		15CFC1BD11E9D29500E1FC64 /* cv.h */ = {isa = PBXFileReference; fileEncoding = 4; lastKnownFileType = sourcecode.c.h; name = cv.h; path = ../../../addons/ofxOpenCv/libs/opencv/include/cv.h; sourceTree = SOURCE_ROOT; };
		15CFC1BE11E9D29500E1FC64 /* cv.hpp */ = {isa = PBXFileReference; fileEncoding = 4; lastKnownFileType = sourcecode.cpp.h; name = cv.hpp; path = ../../../addons/ofxOpenCv/libs/opencv/include/cv.hpp; sourceTree = SOURCE_ROOT; };
		15CFC1BF11E9D29500E1FC64 /* cvaux.h */ = {isa = PBXFileReference; fileEncoding = 4; lastKnownFileType = sourcecode.c.h; name = cvaux.h; path = ../../../addons/ofxOpenCv/libs/opencv/include/cvaux.h; sourceTree = SOURCE_ROOT; };
		15CFC1C011E9D29500E1FC64 /* cvaux.hpp */ = {isa = PBXFileReference; fileEncoding = 4; lastKnownFileType = sourcecode.cpp.h; name = cvaux.hpp; path = ../../../addons/ofxOpenCv/libs/opencv/include/cvaux.hpp; sourceTree = SOURCE_ROOT; };
		15CFC1C111E9D29500E1FC64 /* cvcompat.h */ = {isa = PBXFileReference; fileEncoding = 4; lastKnownFileType = sourcecode.c.h; name = cvcompat.h; path = ../../../addons/ofxOpenCv/libs/opencv/include/cvcompat.h; sourceTree = SOURCE_ROOT; };
		15CFC1C211E9D29500E1FC64 /* cvmat.hpp */ = {isa = PBXFileReference; fileEncoding = 4; lastKnownFileType = sourcecode.cpp.h; name = cvmat.hpp; path = ../../../addons/ofxOpenCv/libs/opencv/include/cvmat.hpp; sourceTree = SOURCE_ROOT; };
		15CFC1C311E9D29500E1FC64 /* cvstreams.h */ = {isa = PBXFileReference; fileEncoding = 4; lastKnownFileType = sourcecode.c.h; name = cvstreams.h; path = ../../../addons/ofxOpenCv/libs/opencv/include/cvstreams.h; sourceTree = SOURCE_ROOT; };
		15CFC1C411E9D29500E1FC64 /* cvtypes.h */ = {isa = PBXFileReference; fileEncoding = 4; lastKnownFileType = sourcecode.c.h; name = cvtypes.h; path = ../../../addons/ofxOpenCv/libs/opencv/include/cvtypes.h; sourceTree = SOURCE_ROOT; };
		15CFC1C511E9D29500E1FC64 /* cvver.h */ = {isa = PBXFileReference; fileEncoding = 4; lastKnownFileType = sourcecode.c.h; name = cvver.h; path = ../../../addons/ofxOpenCv/libs/opencv/include/cvver.h; sourceTree = SOURCE_ROOT; };
		15CFC1C611E9D29500E1FC64 /* cvvidsurv.hpp */ = {isa = PBXFileReference; fileEncoding = 4; lastKnownFileType = sourcecode.cpp.h; name = cvvidsurv.hpp; path = ../../../addons/ofxOpenCv/libs/opencv/include/cvvidsurv.hpp; sourceTree = SOURCE_ROOT; };
		15CFC1C711E9D29500E1FC64 /* cvwimage.h */ = {isa = PBXFileReference; fileEncoding = 4; lastKnownFileType = sourcecode.c.h; name = cvwimage.h; path = ../../../addons/ofxOpenCv/libs/opencv/include/cvwimage.h; sourceTree = SOURCE_ROOT; };
		15CFC1C811E9D29500E1FC64 /* cxcore.h */ = {isa = PBXFileReference; fileEncoding = 4; lastKnownFileType = sourcecode.c.h; name = cxcore.h; path = ../../../addons/ofxOpenCv/libs/opencv/include/cxcore.h; sourceTree = SOURCE_ROOT; };
		15CFC1C911E9D29500E1FC64 /* cxcore.hpp */ = {isa = PBXFileReference; fileEncoding = 4; lastKnownFileType = sourcecode.cpp.h; name = cxcore.hpp; path = ../../../addons/ofxOpenCv/libs/opencv/include/cxcore.hpp; sourceTree = SOURCE_ROOT; };
		15CFC1CA11E9D29500E1FC64 /* cxerror.h */ = {isa = PBXFileReference; fileEncoding = 4; lastKnownFileType = sourcecode.c.h; name = cxerror.h; path = ../../../addons/ofxOpenCv/libs/opencv/include/cxerror.h; sourceTree = SOURCE_ROOT; };
		15CFC1CB11E9D29500E1FC64 /* cxmisc.h */ = {isa = PBXFileReference; fileEncoding = 4; lastKnownFileType = sourcecode.c.h; name = cxmisc.h; path = ../../../addons/ofxOpenCv/libs/opencv/include/cxmisc.h; sourceTree = SOURCE_ROOT; };
		15CFC1CC11E9D29500E1FC64 /* cxtypes.h */ = {isa = PBXFileReference; fileEncoding = 4; lastKnownFileType = sourcecode.c.h; name = cxtypes.h; path = ../../../addons/ofxOpenCv/libs/opencv/include/cxtypes.h; sourceTree = SOURCE_ROOT; };
		15CFC1CF11E9D29500E1FC64 /* openCV.a */ = {isa = PBXFileReference; lastKnownFileType = archive.ar; name = openCV.a; path = ../../../addons/ofxOpenCv/libs/opencv/lib/osx/openCV.a; sourceTree = SOURCE_ROOT; };
		15CFC1D111E9D29500E1FC64 /* ofxCvBlob.h */ = {isa = PBXFileReference; fileEncoding = 4; lastKnownFileType = sourcecode.c.h; name = ofxCvBlob.h; path = ../../../addons/ofxOpenCv/src/ofxCvBlob.h; sourceTree = SOURCE_ROOT; };
		15CFC1D211E9D29500E1FC64 /* ofxCvColorImage.cpp */ = {isa = PBXFileReference; fileEncoding = 4; lastKnownFileType = sourcecode.cpp.cpp; name = ofxCvColorImage.cpp; path = ../../../addons/ofxOpenCv/src/ofxCvColorImage.cpp; sourceTree = SOURCE_ROOT; };
		15CFC1D311E9D29500E1FC64 /* ofxCvColorImage.h */ = {isa = PBXFileReference; fileEncoding = 4; lastKnownFileType = sourcecode.c.h; name = ofxCvColorImage.h; path = ../../../addons/ofxOpenCv/src/ofxCvColorImage.h; sourceTree = SOURCE_ROOT; };
		15CFC1D411E9D29500E1FC64 /* ofxCvConstants.h */ = {isa = PBXFileReference; fileEncoding = 4; lastKnownFileType = sourcecode.c.h; name = ofxCvConstants.h; path = ../../../addons/ofxOpenCv/src/ofxCvConstants.h; sourceTree = SOURCE_ROOT; };
		15CFC1D511E9D29500E1FC64 /* ofxCvContourFinder.cpp */ = {isa = PBXFileReference; fileEncoding = 4; lastKnownFileType = sourcecode.cpp.cpp; name = ofxCvContourFinder.cpp; path = ../../../addons/ofxOpenCv/src/ofxCvContourFinder.cpp; sourceTree = SOURCE_ROOT; };
		15CFC1D611E9D29500E1FC64 /* ofxCvContourFinder.h */ = {isa = PBXFileReference; fileEncoding = 4; lastKnownFileType = sourcecode.c.h; name = ofxCvContourFinder.h; path = ../../../addons/ofxOpenCv/src/ofxCvContourFinder.h; sourceTree = SOURCE_ROOT; };
		15CFC1D711E9D29500E1FC64 /* ofxCvFloatImage.cpp */ = {isa = PBXFileReference; fileEncoding = 4; lastKnownFileType = sourcecode.cpp.cpp; name = ofxCvFloatImage.cpp; path = ../../../addons/ofxOpenCv/src/ofxCvFloatImage.cpp; sourceTree = SOURCE_ROOT; };
		15CFC1D811E9D29500E1FC64 /* ofxCvFloatImage.h */ = {isa = PBXFileReference; fileEncoding = 4; lastKnownFileType = sourcecode.c.h; name = ofxCvFloatImage.h; path = ../../../addons/ofxOpenCv/src/ofxCvFloatImage.h; sourceTree = SOURCE_ROOT; };
		15CFC1D911E9D29500E1FC64 /* ofxCvGrayscaleImage.cpp */ = {isa = PBXFileReference; fileEncoding = 4; lastKnownFileType = sourcecode.cpp.cpp; name = ofxCvGrayscaleImage.cpp; path = ../../../addons/ofxOpenCv/src/ofxCvGrayscaleImage.cpp; sourceTree = SOURCE_ROOT; };
		15CFC1DA11E9D29500E1FC64 /* ofxCvGrayscaleImage.h */ = {isa = PBXFileReference; fileEncoding = 4; lastKnownFileType = sourcecode.c.h; name = ofxCvGrayscaleImage.h; path = ../../../addons/ofxOpenCv/src/ofxCvGrayscaleImage.h; sourceTree = SOURCE_ROOT; };
		15CFC1DB11E9D29500E1FC64 /* ofxCvImage.cpp */ = {isa = PBXFileReference; fileEncoding = 4; lastKnownFileType = sourcecode.cpp.cpp; name = ofxCvImage.cpp; path = ../../../addons/ofxOpenCv/src/ofxCvImage.cpp; sourceTree = SOURCE_ROOT; };
		15CFC1DC11E9D29500E1FC64 /* ofxCvImage.h */ = {isa = PBXFileReference; fileEncoding = 4; lastKnownFileType = sourcecode.c.h; name = ofxCvImage.h; path = ../../../addons/ofxOpenCv/src/ofxCvImage.h; sourceTree = SOURCE_ROOT; };
		15CFC1DD11E9D29500E1FC64 /* ofxCvMain.h */ = {isa = PBXFileReference; fileEncoding = 4; lastKnownFileType = sourcecode.c.h; name = ofxCvMain.h; path = ../../../addons/ofxOpenCv/src/ofxCvMain.h; sourceTree = SOURCE_ROOT; };
		15CFC1DE11E9D29500E1FC64 /* ofxCvShortImage.cpp */ = {isa = PBXFileReference; fileEncoding = 4; lastKnownFileType = sourcecode.cpp.cpp; name = ofxCvShortImage.cpp; path = ../../../addons/ofxOpenCv/src/ofxCvShortImage.cpp; sourceTree = SOURCE_ROOT; };
		15CFC1DF11E9D29500E1FC64 /* ofxCvShortImage.h */ = {isa = PBXFileReference; fileEncoding = 4; lastKnownFileType = sourcecode.c.h; name = ofxCvShortImage.h; path = ../../../addons/ofxOpenCv/src/ofxCvShortImage.h; sourceTree = SOURCE_ROOT; };
		15CFC1E011E9D29500E1FC64 /* ofxOpenCv.h */ = {isa = PBXFileReference; fileEncoding = 4; lastKnownFileType = sourcecode.c.h; name = ofxOpenCv.h; path = ../../../addons/ofxOpenCv/src/ofxOpenCv.h; sourceTree = SOURCE_ROOT; };
		B274CDFD11E15B1700E26214 /* Boid.h */ = {isa = PBXFileReference; fileEncoding = 4; lastKnownFileType = sourcecode.c.h; path = Boid.h; sourceTree = "<group>"; };
		B274CDFE11E15B1700E26214 /* Boid.cpp */ = {isa = PBXFileReference; fileEncoding = 4; lastKnownFileType = sourcecode.cpp.cpp; path = Boid.cpp; sourceTree = "<group>"; };
		B274CE1011E15BE500E26214 /* ofxMatrix3x3.cpp */ = {isa = PBXFileReference; fileEncoding = 4; lastKnownFileType = sourcecode.cpp.cpp; name = ofxMatrix3x3.cpp; path = ../../../addons/ofxVectorMath/src/ofxMatrix3x3.cpp; sourceTree = SOURCE_ROOT; };
		B274CE1111E15BE500E26214 /* ofxMatrix3x3.h */ = {isa = PBXFileReference; fileEncoding = 4; lastKnownFileType = sourcecode.c.h; name = ofxMatrix3x3.h; path = ../../../addons/ofxVectorMath/src/ofxMatrix3x3.h; sourceTree = SOURCE_ROOT; };
		B274CE1211E15BE500E26214 /* ofxMatrix4x4.cpp */ = {isa = PBXFileReference; fileEncoding = 4; lastKnownFileType = sourcecode.cpp.cpp; name = ofxMatrix4x4.cpp; path = ../../../addons/ofxVectorMath/src/ofxMatrix4x4.cpp; sourceTree = SOURCE_ROOT; };
		B274CE1311E15BE500E26214 /* ofxMatrix4x4.h */ = {isa = PBXFileReference; fileEncoding = 4; lastKnownFileType = sourcecode.c.h; name = ofxMatrix4x4.h; path = ../../../addons/ofxVectorMath/src/ofxMatrix4x4.h; sourceTree = SOURCE_ROOT; };
		B274CE1411E15BE500E26214 /* ofxPoint2f.h */ = {isa = PBXFileReference; fileEncoding = 4; lastKnownFileType = sourcecode.c.h; name = ofxPoint2f.h; path = ../../../addons/ofxVectorMath/src/ofxPoint2f.h; sourceTree = SOURCE_ROOT; };
		B274CE1511E15BE500E26214 /* ofxPoint3f.h */ = {isa = PBXFileReference; fileEncoding = 4; lastKnownFileType = sourcecode.c.h; name = ofxPoint3f.h; path = ../../../addons/ofxVectorMath/src/ofxPoint3f.h; sourceTree = SOURCE_ROOT; };
		B274CE1611E15BE500E26214 /* ofxPoint4f.h */ = {isa = PBXFileReference; fileEncoding = 4; lastKnownFileType = sourcecode.c.h; name = ofxPoint4f.h; path = ../../../addons/ofxVectorMath/src/ofxPoint4f.h; sourceTree = SOURCE_ROOT; };
		B274CE1711E15BE500E26214 /* ofxQuaternion.cpp */ = {isa = PBXFileReference; fileEncoding = 4; lastKnownFileType = sourcecode.cpp.cpp; name = ofxQuaternion.cpp; path = ../../../addons/ofxVectorMath/src/ofxQuaternion.cpp; sourceTree = SOURCE_ROOT; };
		B274CE1811E15BE500E26214 /* ofxQuaternion.h */ = {isa = PBXFileReference; fileEncoding = 4; lastKnownFileType = sourcecode.c.h; name = ofxQuaternion.h; path = ../../../addons/ofxVectorMath/src/ofxQuaternion.h; sourceTree = SOURCE_ROOT; };
		B274CE1911E15BE500E26214 /* ofxVec2f.h */ = {isa = PBXFileReference; fileEncoding = 4; lastKnownFileType = sourcecode.c.h; name = ofxVec2f.h; path = ../../../addons/ofxVectorMath/src/ofxVec2f.h; sourceTree = SOURCE_ROOT; };
		B274CE1A11E15BE500E26214 /* ofxVec3f.h */ = {isa = PBXFileReference; fileEncoding = 4; lastKnownFileType = sourcecode.c.h; name = ofxVec3f.h; path = ../../../addons/ofxVectorMath/src/ofxVec3f.h; sourceTree = SOURCE_ROOT; };
		B274CE1B11E15BE500E26214 /* ofxVec4f.h */ = {isa = PBXFileReference; fileEncoding = 4; lastKnownFileType = sourcecode.c.h; name = ofxVec4f.h; path = ../../../addons/ofxVectorMath/src/ofxVec4f.h; sourceTree = SOURCE_ROOT; };
		B274CE1C11E15BE500E26214 /* ofxVectorMath.h */ = {isa = PBXFileReference; fileEncoding = 4; lastKnownFileType = sourcecode.c.h; name = ofxVectorMath.h; path = ../../../addons/ofxVectorMath/src/ofxVectorMath.h; sourceTree = SOURCE_ROOT; };
		B274CECD11E1863500E26214 /* Boid.cpp */ = {isa = PBXFileReference; fileEncoding = 4; lastKnownFileType = sourcecode.cpp.cpp; name = Boid.cpp; path = src/_ref/flock/Boid.cpp; sourceTree = SOURCE_ROOT; };
		B274CECE11E1863500E26214 /* Boid.h */ = {isa = PBXFileReference; fileEncoding = 4; lastKnownFileType = sourcecode.c.h; name = Boid.h; path = src/_ref/flock/Boid.h; sourceTree = SOURCE_ROOT; };
		B274CECF11E1863500E26214 /* Flock.cpp */ = {isa = PBXFileReference; fileEncoding = 4; lastKnownFileType = sourcecode.cpp.cpp; name = Flock.cpp; path = src/_ref/flock/Flock.cpp; sourceTree = SOURCE_ROOT; };
		B274CED011E1863500E26214 /* Flock.h */ = {isa = PBXFileReference; fileEncoding = 4; lastKnownFileType = sourcecode.c.h; name = Flock.h; path = src/_ref/flock/Flock.h; sourceTree = SOURCE_ROOT; };
		B274CED111E1863500E26214 /* main.cpp */ = {isa = PBXFileReference; fileEncoding = 4; lastKnownFileType = sourcecode.cpp.cpp; name = main.cpp; path = src/_ref/flock/main.cpp; sourceTree = SOURCE_ROOT; };
		B274CED211E1863500E26214 /* testApp.cpp */ = {isa = PBXFileReference; fileEncoding = 4; lastKnownFileType = sourcecode.cpp.cpp; name = testApp.cpp; path = src/_ref/flock/testApp.cpp; sourceTree = SOURCE_ROOT; };
		B274CED311E1863500E26214 /* testApp.h */ = {isa = PBXFileReference; fileEncoding = 4; lastKnownFileType = sourcecode.c.h; name = testApp.h; path = src/_ref/flock/testApp.h; sourceTree = SOURCE_ROOT; };
		B274CF4611E1ADD600E26214 /* ofxSimpleGuiButton.cpp */ = {isa = PBXFileReference; fileEncoding = 4; lastKnownFileType = sourcecode.cpp.cpp; name = ofxSimpleGuiButton.cpp; path = ../../../addons/ofxSimpleGuiToo_rev204/src/Controls/ofxSimpleGuiButton.cpp; sourceTree = SOURCE_ROOT; };
		B274CF4711E1ADD600E26214 /* ofxSimpleGuiButton.h */ = {isa = PBXFileReference; fileEncoding = 4; lastKnownFileType = sourcecode.c.h; name = ofxSimpleGuiButton.h; path = ../../../addons/ofxSimpleGuiToo_rev204/src/Controls/ofxSimpleGuiButton.h; sourceTree = SOURCE_ROOT; };
		B274CF4811E1ADD600E26214 /* ofxSimpleGuiColorPicker.cpp */ = {isa = PBXFileReference; fileEncoding = 4; lastKnownFileType = sourcecode.cpp.cpp; name = ofxSimpleGuiColorPicker.cpp; path = ../../../addons/ofxSimpleGuiToo_rev204/src/Controls/ofxSimpleGuiColorPicker.cpp; sourceTree = SOURCE_ROOT; };
		B274CF4911E1ADD600E26214 /* ofxSimpleGuiColorPicker.h */ = {isa = PBXFileReference; fileEncoding = 4; lastKnownFileType = sourcecode.c.h; name = ofxSimpleGuiColorPicker.h; path = ../../../addons/ofxSimpleGuiToo_rev204/src/Controls/ofxSimpleGuiColorPicker.h; sourceTree = SOURCE_ROOT; };
		B274CF4A11E1ADD600E26214 /* ofxSimpleGuiContent.cpp */ = {isa = PBXFileReference; fileEncoding = 4; lastKnownFileType = sourcecode.cpp.cpp; name = ofxSimpleGuiContent.cpp; path = ../../../addons/ofxSimpleGuiToo_rev204/src/Controls/ofxSimpleGuiContent.cpp; sourceTree = SOURCE_ROOT; };
		B274CF4B11E1ADD600E26214 /* ofxSimpleGuiContent.h */ = {isa = PBXFileReference; fileEncoding = 4; lastKnownFileType = sourcecode.c.h; name = ofxSimpleGuiContent.h; path = ../../../addons/ofxSimpleGuiToo_rev204/src/Controls/ofxSimpleGuiContent.h; sourceTree = SOURCE_ROOT; };
		B274CF4C11E1ADD600E26214 /* ofxSimpleGuiFPSCounter.cpp */ = {isa = PBXFileReference; fileEncoding = 4; lastKnownFileType = sourcecode.cpp.cpp; name = ofxSimpleGuiFPSCounter.cpp; path = ../../../addons/ofxSimpleGuiToo_rev204/src/Controls/ofxSimpleGuiFPSCounter.cpp; sourceTree = SOURCE_ROOT; };
		B274CF4D11E1ADD600E26214 /* ofxSimpleGuiFPSCounter.h */ = {isa = PBXFileReference; fileEncoding = 4; lastKnownFileType = sourcecode.c.h; name = ofxSimpleGuiFPSCounter.h; path = ../../../addons/ofxSimpleGuiToo_rev204/src/Controls/ofxSimpleGuiFPSCounter.h; sourceTree = SOURCE_ROOT; };
		B274CF4E11E1ADD600E26214 /* ofxSimpleGuiMovieSlider.cpp */ = {isa = PBXFileReference; fileEncoding = 4; lastKnownFileType = sourcecode.cpp.cpp; name = ofxSimpleGuiMovieSlider.cpp; path = ../../../addons/ofxSimpleGuiToo_rev204/src/Controls/ofxSimpleGuiMovieSlider.cpp; sourceTree = SOURCE_ROOT; };
		B274CF4F11E1ADD600E26214 /* ofxSimpleGuiMovieSlider.h */ = {isa = PBXFileReference; fileEncoding = 4; lastKnownFileType = sourcecode.c.h; name = ofxSimpleGuiMovieSlider.h; path = ../../../addons/ofxSimpleGuiToo_rev204/src/Controls/ofxSimpleGuiMovieSlider.h; sourceTree = SOURCE_ROOT; };
		B274CF5011E1ADD600E26214 /* ofxSimpleGuiOption.cpp */ = {isa = PBXFileReference; fileEncoding = 4; lastKnownFileType = sourcecode.cpp.cpp; name = ofxSimpleGuiOption.cpp; path = ../../../addons/ofxSimpleGuiToo_rev204/src/Controls/ofxSimpleGuiOption.cpp; sourceTree = SOURCE_ROOT; };
		B274CF5111E1ADD600E26214 /* ofxSimpleGuiOption.h */ = {isa = PBXFileReference; fileEncoding = 4; lastKnownFileType = sourcecode.c.h; name = ofxSimpleGuiOption.h; path = ../../../addons/ofxSimpleGuiToo_rev204/src/Controls/ofxSimpleGuiOption.h; sourceTree = SOURCE_ROOT; };
		B274CF5211E1ADD600E26214 /* ofxSimpleGuiOptionGroup.cpp */ = {isa = PBXFileReference; fileEncoding = 4; lastKnownFileType = sourcecode.cpp.cpp; name = ofxSimpleGuiOptionGroup.cpp; path = ../../../addons/ofxSimpleGuiToo_rev204/src/Controls/ofxSimpleGuiOptionGroup.cpp; sourceTree = SOURCE_ROOT; };
		B274CF5311E1ADD600E26214 /* ofxSimpleGuiOptionGroup.h */ = {isa = PBXFileReference; fileEncoding = 4; lastKnownFileType = sourcecode.c.h; name = ofxSimpleGuiOptionGroup.h; path = ../../../addons/ofxSimpleGuiToo_rev204/src/Controls/ofxSimpleGuiOptionGroup.h; sourceTree = SOURCE_ROOT; };
		B274CF5411E1ADD600E26214 /* ofxSimpleGuiQuadWarp.cpp */ = {isa = PBXFileReference; fileEncoding = 4; lastKnownFileType = sourcecode.cpp.cpp; name = ofxSimpleGuiQuadWarp.cpp; path = ../../../addons/ofxSimpleGuiToo_rev204/src/Controls/ofxSimpleGuiQuadWarp.cpp; sourceTree = SOURCE_ROOT; };
		B274CF5511E1ADD600E26214 /* ofxSimpleGuiQuadWarp.h */ = {isa = PBXFileReference; fileEncoding = 4; lastKnownFileType = sourcecode.c.h; name = ofxSimpleGuiQuadWarp.h; path = ../../../addons/ofxSimpleGuiToo_rev204/src/Controls/ofxSimpleGuiQuadWarp.h; sourceTree = SOURCE_ROOT; };
		B274CF5611E1ADD600E26214 /* ofxSimpleGuiSlider2d.cpp */ = {isa = PBXFileReference; fileEncoding = 4; lastKnownFileType = sourcecode.cpp.cpp; name = ofxSimpleGuiSlider2d.cpp; path = ../../../addons/ofxSimpleGuiToo_rev204/src/Controls/ofxSimpleGuiSlider2d.cpp; sourceTree = SOURCE_ROOT; };
		B274CF5711E1ADD600E26214 /* ofxSimpleGuiSlider2d.h */ = {isa = PBXFileReference; fileEncoding = 4; lastKnownFileType = sourcecode.c.h; name = ofxSimpleGuiSlider2d.h; path = ../../../addons/ofxSimpleGuiToo_rev204/src/Controls/ofxSimpleGuiSlider2d.h; sourceTree = SOURCE_ROOT; };
		B274CF5811E1ADD600E26214 /* ofxSimpleGuiSliderBase.h */ = {isa = PBXFileReference; fileEncoding = 4; lastKnownFileType = sourcecode.c.h; name = ofxSimpleGuiSliderBase.h; path = ../../../addons/ofxSimpleGuiToo_rev204/src/Controls/ofxSimpleGuiSliderBase.h; sourceTree = SOURCE_ROOT; };
		B274CF5911E1ADD600E26214 /* ofxSimpleGuiSliderFloat.h */ = {isa = PBXFileReference; fileEncoding = 4; lastKnownFileType = sourcecode.c.h; name = ofxSimpleGuiSliderFloat.h; path = ../../../addons/ofxSimpleGuiToo_rev204/src/Controls/ofxSimpleGuiSliderFloat.h; sourceTree = SOURCE_ROOT; };
		B274CF5A11E1ADD600E26214 /* ofxSimpleGuiSliderInt.h */ = {isa = PBXFileReference; fileEncoding = 4; lastKnownFileType = sourcecode.c.h; name = ofxSimpleGuiSliderInt.h; path = ../../../addons/ofxSimpleGuiToo_rev204/src/Controls/ofxSimpleGuiSliderInt.h; sourceTree = SOURCE_ROOT; };
		B274CF5B11E1ADD600E26214 /* ofxSimpleGuiTitle.cpp */ = {isa = PBXFileReference; fileEncoding = 4; lastKnownFileType = sourcecode.cpp.cpp; name = ofxSimpleGuiTitle.cpp; path = ../../../addons/ofxSimpleGuiToo_rev204/src/Controls/ofxSimpleGuiTitle.cpp; sourceTree = SOURCE_ROOT; };
		B274CF5C11E1ADD600E26214 /* ofxSimpleGuiTitle.h */ = {isa = PBXFileReference; fileEncoding = 4; lastKnownFileType = sourcecode.c.h; name = ofxSimpleGuiTitle.h; path = ../../../addons/ofxSimpleGuiToo_rev204/src/Controls/ofxSimpleGuiTitle.h; sourceTree = SOURCE_ROOT; };
		B274CF5D11E1ADD600E26214 /* ofxSimpleGuiToggle.cpp */ = {isa = PBXFileReference; fileEncoding = 4; lastKnownFileType = sourcecode.cpp.cpp; name = ofxSimpleGuiToggle.cpp; path = ../../../addons/ofxSimpleGuiToo_rev204/src/Controls/ofxSimpleGuiToggle.cpp; sourceTree = SOURCE_ROOT; };
		B274CF5E11E1ADD600E26214 /* ofxSimpleGuiToggle.h */ = {isa = PBXFileReference; fileEncoding = 4; lastKnownFileType = sourcecode.c.h; name = ofxSimpleGuiToggle.h; path = ../../../addons/ofxSimpleGuiToo_rev204/src/Controls/ofxSimpleGuiToggle.h; sourceTree = SOURCE_ROOT; };
		B274CF5F11E1ADD600E26214 /* ofxSimpleGuiConfig.cpp */ = {isa = PBXFileReference; fileEncoding = 4; lastKnownFileType = sourcecode.cpp.cpp; name = ofxSimpleGuiConfig.cpp; path = ../../../addons/ofxSimpleGuiToo_rev204/src/ofxSimpleGuiConfig.cpp; sourceTree = SOURCE_ROOT; };
		B274CF6011E1ADD600E26214 /* ofxSimpleGuiConfig.h */ = {isa = PBXFileReference; fileEncoding = 4; lastKnownFileType = sourcecode.c.h; name = ofxSimpleGuiConfig.h; path = ../../../addons/ofxSimpleGuiToo_rev204/src/ofxSimpleGuiConfig.h; sourceTree = SOURCE_ROOT; };
		B274CF6111E1ADD600E26214 /* ofxSimpleGuiControl.cpp */ = {isa = PBXFileReference; fileEncoding = 4; lastKnownFileType = sourcecode.cpp.cpp; name = ofxSimpleGuiControl.cpp; path = ../../../addons/ofxSimpleGuiToo_rev204/src/ofxSimpleGuiControl.cpp; sourceTree = SOURCE_ROOT; };
		B274CF6211E1ADD600E26214 /* ofxSimpleGuiControl.h */ = {isa = PBXFileReference; fileEncoding = 4; lastKnownFileType = sourcecode.c.h; name = ofxSimpleGuiControl.h; path = ../../../addons/ofxSimpleGuiToo_rev204/src/ofxSimpleGuiControl.h; sourceTree = SOURCE_ROOT; };
		B274CF6311E1ADD600E26214 /* ofxSimpleGuiIncludes.h */ = {isa = PBXFileReference; fileEncoding = 4; lastKnownFileType = sourcecode.c.h; name = ofxSimpleGuiIncludes.h; path = ../../../addons/ofxSimpleGuiToo_rev204/src/ofxSimpleGuiIncludes.h; sourceTree = SOURCE_ROOT; };
		B274CF6411E1ADD600E26214 /* ofxSimpleGuiPage.cpp */ = {isa = PBXFileReference; fileEncoding = 4; lastKnownFileType = sourcecode.cpp.cpp; name = ofxSimpleGuiPage.cpp; path = ../../../addons/ofxSimpleGuiToo_rev204/src/ofxSimpleGuiPage.cpp; sourceTree = SOURCE_ROOT; };
		B274CF6511E1ADD600E26214 /* ofxSimpleGuiPage.h */ = {isa = PBXFileReference; fileEncoding = 4; lastKnownFileType = sourcecode.c.h; name = ofxSimpleGuiPage.h; path = ../../../addons/ofxSimpleGuiToo_rev204/src/ofxSimpleGuiPage.h; sourceTree = SOURCE_ROOT; };
		B274CF6611E1ADD600E26214 /* ofxSimpleGuiToo.cpp */ = {isa = PBXFileReference; fileEncoding = 4; lastKnownFileType = sourcecode.cpp.cpp; name = ofxSimpleGuiToo.cpp; path = ../../../addons/ofxSimpleGuiToo_rev204/src/ofxSimpleGuiToo.cpp; sourceTree = SOURCE_ROOT; };
		B274CF6711E1ADD600E26214 /* ofxSimpleGuiToo.h */ = {isa = PBXFileReference; fileEncoding = 4; lastKnownFileType = sourcecode.c.h; name = ofxSimpleGuiToo.h; path = ../../../addons/ofxSimpleGuiToo_rev204/src/ofxSimpleGuiToo.h; sourceTree = SOURCE_ROOT; };
		B274CF7911E1ADDF00E26214 /* tinyxml.cpp */ = {isa = PBXFileReference; fileEncoding = 4; lastKnownFileType = sourcecode.cpp.cpp; name = tinyxml.cpp; path = ../../../addons/ofxXmlSettings/libs/tinyxml.cpp; sourceTree = SOURCE_ROOT; };
		B274CF7A11E1ADDF00E26214 /* tinyxml.h */ = {isa = PBXFileReference; fileEncoding = 4; lastKnownFileType = sourcecode.c.h; name = tinyxml.h; path = ../../../addons/ofxXmlSettings/libs/tinyxml.h; sourceTree = SOURCE_ROOT; };
		B274CF7B11E1ADDF00E26214 /* tinyxmlerror.cpp */ = {isa = PBXFileReference; fileEncoding = 4; lastKnownFileType = sourcecode.cpp.cpp; name = tinyxmlerror.cpp; path = ../../../addons/ofxXmlSettings/libs/tinyxmlerror.cpp; sourceTree = SOURCE_ROOT; };
		B274CF7C11E1ADDF00E26214 /* tinyxmlparser.cpp */ = {isa = PBXFileReference; fileEncoding = 4; lastKnownFileType = sourcecode.cpp.cpp; name = tinyxmlparser.cpp; path = ../../../addons/ofxXmlSettings/libs/tinyxmlparser.cpp; sourceTree = SOURCE_ROOT; };
		B274CF7E11E1ADDF00E26214 /* ofxXmlSettings.cpp */ = {isa = PBXFileReference; fileEncoding = 4; lastKnownFileType = sourcecode.cpp.cpp; name = ofxXmlSettings.cpp; path = ../../../addons/ofxXmlSettings/src/ofxXmlSettings.cpp; sourceTree = SOURCE_ROOT; };
		B274CF7F11E1ADDF00E26214 /* ofxXmlSettings.h */ = {isa = PBXFileReference; fileEncoding = 4; lastKnownFileType = sourcecode.c.h; name = ofxXmlSettings.h; path = ../../../addons/ofxXmlSettings/src/ofxXmlSettings.h; sourceTree = SOURCE_ROOT; };
		B274CF8611E1ADE600E26214 /* ofxMSAInteractiveObject.cpp */ = {isa = PBXFileReference; fileEncoding = 4; lastKnownFileType = sourcecode.cpp.cpp; name = ofxMSAInteractiveObject.cpp; path = ../../../addons/ofxMSAInteractiveObject_rev186/src/ofxMSAInteractiveObject.cpp; sourceTree = SOURCE_ROOT; };
		B274CF8711E1ADE600E26214 /* ofxMSAInteractiveObject.h */ = {isa = PBXFileReference; fileEncoding = 4; lastKnownFileType = sourcecode.c.h; name = ofxMSAInteractiveObject.h; path = ../../../addons/ofxMSAInteractiveObject_rev186/src/ofxMSAInteractiveObject.h; sourceTree = SOURCE_ROOT; };
		E45BE0390E8CC647009D7055 /* FreeImage.h */ = {isa = PBXFileReference; fileEncoding = 4; lastKnownFileType = sourcecode.c.h; name = FreeImage.h; path = ../../../libs/freeimage/include/FreeImage.h; sourceTree = SOURCE_ROOT; };
		E45BE03F0E8CC650009D7055 /* fmod.h */ = {isa = PBXFileReference; fileEncoding = 4; lastKnownFileType = sourcecode.c.h; name = fmod.h; path = ../../../libs/fmodex/include/fmod.h; sourceTree = SOURCE_ROOT; };
		E45BE0400E8CC650009D7055 /* fmod.hpp */ = {isa = PBXFileReference; fileEncoding = 4; lastKnownFileType = sourcecode.cpp.h; name = fmod.hpp; path = ../../../libs/fmodex/include/fmod.hpp; sourceTree = SOURCE_ROOT; };
		E45BE0410E8CC650009D7055 /* fmod_codec.h */ = {isa = PBXFileReference; fileEncoding = 4; lastKnownFileType = sourcecode.c.h; name = fmod_codec.h; path = ../../../libs/fmodex/include/fmod_codec.h; sourceTree = SOURCE_ROOT; };
		E45BE0420E8CC650009D7055 /* fmod_dsp.h */ = {isa = PBXFileReference; fileEncoding = 4; lastKnownFileType = sourcecode.c.h; name = fmod_dsp.h; path = ../../../libs/fmodex/include/fmod_dsp.h; sourceTree = SOURCE_ROOT; };
		E45BE0430E8CC650009D7055 /* fmod_errors.h */ = {isa = PBXFileReference; fileEncoding = 4; lastKnownFileType = sourcecode.c.h; name = fmod_errors.h; path = ../../../libs/fmodex/include/fmod_errors.h; sourceTree = SOURCE_ROOT; };
		E45BE0440E8CC650009D7055 /* fmod_output.h */ = {isa = PBXFileReference; fileEncoding = 4; lastKnownFileType = sourcecode.c.h; name = fmod_output.h; path = ../../../libs/fmodex/include/fmod_output.h; sourceTree = SOURCE_ROOT; };
		E45BE0A70E8CC67C009D7055 /* GLee.h */ = {isa = PBXFileReference; fileEncoding = 4; lastKnownFileType = sourcecode.c.h; name = GLee.h; path = ../../../libs/GLee/include/GLee.h; sourceTree = SOURCE_ROOT; };
		E45BE0A90E8CC67C009D7055 /* GLee.a */ = {isa = PBXFileReference; lastKnownFileType = archive.ar; name = GLee.a; path = ../../../libs/GLee/lib/osx/GLee.a; sourceTree = SOURCE_ROOT; };
		E45BE2E00E8CC69C009D7055 /* RtAudio.h */ = {isa = PBXFileReference; fileEncoding = 4; lastKnownFileType = sourcecode.c.h; name = RtAudio.h; path = ../../../libs/rtAudio/include/RtAudio.h; sourceTree = SOURCE_ROOT; };
		E45BE2E10E8CC69C009D7055 /* RtError.h */ = {isa = PBXFileReference; fileEncoding = 4; lastKnownFileType = sourcecode.c.h; name = RtError.h; path = ../../../libs/rtAudio/include/RtError.h; sourceTree = SOURCE_ROOT; };
		E45BE2E30E8CC69C009D7055 /* rtAudio.a */ = {isa = PBXFileReference; lastKnownFileType = archive.ar; name = rtAudio.a; path = ../../../libs/rtAudio/lib/osx/rtAudio.a; sourceTree = SOURCE_ROOT; };
		E45BE9710E8CC7DD009D7055 /* AGL.framework */ = {isa = PBXFileReference; lastKnownFileType = wrapper.framework; name = AGL.framework; path = /System/Library/Frameworks/AGL.framework; sourceTree = "<absolute>"; };
		E45BE9720E8CC7DD009D7055 /* ApplicationServices.framework */ = {isa = PBXFileReference; lastKnownFileType = wrapper.framework; name = ApplicationServices.framework; path = /System/Library/Frameworks/ApplicationServices.framework; sourceTree = "<absolute>"; };
		E45BE9730E8CC7DD009D7055 /* AudioToolbox.framework */ = {isa = PBXFileReference; lastKnownFileType = wrapper.framework; name = AudioToolbox.framework; path = /System/Library/Frameworks/AudioToolbox.framework; sourceTree = "<absolute>"; };
		E45BE9740E8CC7DD009D7055 /* Carbon.framework */ = {isa = PBXFileReference; lastKnownFileType = wrapper.framework; name = Carbon.framework; path = /System/Library/Frameworks/Carbon.framework; sourceTree = "<absolute>"; };
		E45BE9750E8CC7DD009D7055 /* CoreAudio.framework */ = {isa = PBXFileReference; lastKnownFileType = wrapper.framework; name = CoreAudio.framework; path = /System/Library/Frameworks/CoreAudio.framework; sourceTree = "<absolute>"; };
		E45BE9760E8CC7DD009D7055 /* CoreFoundation.framework */ = {isa = PBXFileReference; lastKnownFileType = wrapper.framework; name = CoreFoundation.framework; path = /System/Library/Frameworks/CoreFoundation.framework; sourceTree = "<absolute>"; };
		E45BE9770E8CC7DD009D7055 /* CoreServices.framework */ = {isa = PBXFileReference; lastKnownFileType = wrapper.framework; name = CoreServices.framework; path = /System/Library/Frameworks/CoreServices.framework; sourceTree = "<absolute>"; };
		E45BE9790E8CC7DD009D7055 /* OpenGL.framework */ = {isa = PBXFileReference; lastKnownFileType = wrapper.framework; name = OpenGL.framework; path = /System/Library/Frameworks/OpenGL.framework; sourceTree = "<absolute>"; };
		E45BE97A0E8CC7DD009D7055 /* QuickTime.framework */ = {isa = PBXFileReference; lastKnownFileType = wrapper.framework; name = QuickTime.framework; path = /System/Library/Frameworks/QuickTime.framework; sourceTree = "<absolute>"; };
		E4B69B5B0A3A1756003C02F2 /* emptyExampleDebug.app */ = {isa = PBXFileReference; explicitFileType = wrapper.application; includeInIndex = 0; path = emptyExampleDebug.app; sourceTree = BUILT_PRODUCTS_DIR; };
		E4B69E1D0A3A1BDC003C02F2 /* main.cpp */ = {isa = PBXFileReference; fileEncoding = 30; lastKnownFileType = sourcecode.cpp.cpp; name = main.cpp; path = src/main.cpp; sourceTree = SOURCE_ROOT; };
		E4B69E1E0A3A1BDC003C02F2 /* testApp.cpp */ = {isa = PBXFileReference; explicitFileType = sourcecode.cpp.cpp; fileEncoding = 30; name = testApp.cpp; path = src/testApp.cpp; sourceTree = SOURCE_ROOT; };
		E4B69E1F0A3A1BDC003C02F2 /* testApp.h */ = {isa = PBXFileReference; fileEncoding = 30; lastKnownFileType = sourcecode.c.h; name = testApp.h; path = src/testApp.h; sourceTree = SOURCE_ROOT; };
		E4B6FCAD0C3E899E008CF71C /* openFrameworks-Info.plist */ = {isa = PBXFileReference; fileEncoding = 30; lastKnownFileType = text.plist.xml; path = "openFrameworks-Info.plist"; sourceTree = "<group>"; };
		E4C2421610CC549C004149E2 /* openFrameworksLib.xcodeproj */ = {isa = PBXFileReference; lastKnownFileType = "wrapper.pb-project"; name = openFrameworksLib.xcodeproj; path = ../../../libs/openFrameworksCompiled/project/osx/openFrameworksLib.xcodeproj; sourceTree = SOURCE_ROOT; };
		E4C2424410CC5A17004149E2 /* AppKit.framework */ = {isa = PBXFileReference; lastKnownFileType = wrapper.framework; name = AppKit.framework; path = /System/Library/Frameworks/AppKit.framework; sourceTree = "<absolute>"; };
		E4C2424510CC5A17004149E2 /* Cocoa.framework */ = {isa = PBXFileReference; lastKnownFileType = wrapper.framework; name = Cocoa.framework; path = /System/Library/Frameworks/Cocoa.framework; sourceTree = "<absolute>"; };
		E4C2424610CC5A17004149E2 /* IOKit.framework */ = {isa = PBXFileReference; lastKnownFileType = wrapper.framework; name = IOKit.framework; path = /System/Library/Frameworks/IOKit.framework; sourceTree = "<absolute>"; };
		E4C2425F10CC5A78004149E2 /* GLUT.framework */ = {isa = PBXFileReference; lastKnownFileType = wrapper.framework; name = GLUT.framework; path = ../../../libs/glut/lib/osx/GLUT.framework; sourceTree = SOURCE_ROOT; };
		E4C2427A10CC5B66004149E2 /* CppUnit.a */ = {isa = PBXFileReference; lastKnownFileType = archive.ar; name = CppUnit.a; path = ../../../libs/poco/lib/osx/CppUnit.a; sourceTree = SOURCE_ROOT; };
		E4C2427B10CC5B66004149E2 /* PocoFoundation.a */ = {isa = PBXFileReference; lastKnownFileType = archive.ar; name = PocoFoundation.a; path = ../../../libs/poco/lib/osx/PocoFoundation.a; sourceTree = SOURCE_ROOT; };
		E4C2427C10CC5B66004149E2 /* PocoNet.a */ = {isa = PBXFileReference; lastKnownFileType = archive.ar; name = PocoNet.a; path = ../../../libs/poco/lib/osx/PocoNet.a; sourceTree = SOURCE_ROOT; };
		E4C2427D10CC5B66004149E2 /* PocoUtil.a */ = {isa = PBXFileReference; lastKnownFileType = archive.ar; name = PocoUtil.a; path = ../../../libs/poco/lib/osx/PocoUtil.a; sourceTree = SOURCE_ROOT; };
		E4C2427E10CC5B66004149E2 /* PocoXML.a */ = {isa = PBXFileReference; lastKnownFileType = archive.ar; name = PocoXML.a; path = ../../../libs/poco/lib/osx/PocoXML.a; sourceTree = SOURCE_ROOT; };
		E4C2429310CC5C38004149E2 /* freetype.a */ = {isa = PBXFileReference; lastKnownFileType = archive.ar; name = freetype.a; path = ../../../libs/freetype/lib/osx/freetype.a; sourceTree = SOURCE_ROOT; };
		E4C242CC10CC650E004149E2 /* libfmodex.dylib */ = {isa = PBXFileReference; lastKnownFileType = "compiled.mach-o.dylib"; name = libfmodex.dylib; path = ../../../libs/fmodex/lib/osx/libfmodex.dylib; sourceTree = SOURCE_ROOT; };
		E4C246D910CCAE22004149E2 /* freeimage.a */ = {isa = PBXFileReference; lastKnownFileType = archive.ar; name = freeimage.a; path = ../../../libs/FreeImage/lib/osx/freeimage.a; sourceTree = SOURCE_ROOT; };
/* End PBXFileReference section */

/* Begin PBXFrameworksBuildPhase section */
		E4B69B590A3A1756003C02F2 /* Frameworks */ = {
			isa = PBXFrameworksBuildPhase;
			buildActionMask = 2147483647;
			files = (
				E4C2422B10CC554B004149E2 /* openFrameworksDebug.a in Frameworks */,
				E45BE0AA0E8CC67C009D7055 /* GLee.a in Frameworks */,
				E45BE2E40E8CC69C009D7055 /* rtAudio.a in Frameworks */,
				E45BE97B0E8CC7DD009D7055 /* AGL.framework in Frameworks */,
				E45BE97C0E8CC7DD009D7055 /* ApplicationServices.framework in Frameworks */,
				E45BE97D0E8CC7DD009D7055 /* AudioToolbox.framework in Frameworks */,
				E45BE97E0E8CC7DD009D7055 /* Carbon.framework in Frameworks */,
				E45BE97F0E8CC7DD009D7055 /* CoreAudio.framework in Frameworks */,
				E45BE9800E8CC7DD009D7055 /* CoreFoundation.framework in Frameworks */,
				E45BE9810E8CC7DD009D7055 /* CoreServices.framework in Frameworks */,
				E45BE9830E8CC7DD009D7055 /* OpenGL.framework in Frameworks */,
				E45BE9840E8CC7DD009D7055 /* QuickTime.framework in Frameworks */,
				E4C2424710CC5A17004149E2 /* AppKit.framework in Frameworks */,
				E4C2424810CC5A17004149E2 /* Cocoa.framework in Frameworks */,
				E4C2424910CC5A17004149E2 /* IOKit.framework in Frameworks */,
				E4C2426610CC5A78004149E2 /* GLUT.framework in Frameworks */,
				E4C2427F10CC5B66004149E2 /* CppUnit.a in Frameworks */,
				E4C2428010CC5B66004149E2 /* PocoFoundation.a in Frameworks */,
				E4C2428110CC5B66004149E2 /* PocoNet.a in Frameworks */,
				E4C2428210CC5B66004149E2 /* PocoUtil.a in Frameworks */,
				E4C2428310CC5B66004149E2 /* PocoXML.a in Frameworks */,
				E4C2429410CC5C38004149E2 /* freetype.a in Frameworks */,
				E4C242CD10CC650E004149E2 /* libfmodex.dylib in Frameworks */,
				E4C246DA10CCAE22004149E2 /* freeimage.a in Frameworks */,
				15CFC1E111E9D29500E1FC64 /* openCV.a in Frameworks */,
			);
			runOnlyForDeploymentPostprocessing = 0;
		};
/* End PBXFrameworksBuildPhase section */

/* Begin PBXGroup section */
		15CFC1B911E9D29500E1FC64 /* ofxOpenCv */ = {
			isa = PBXGroup;
			children = (
				15CFC1BA11E9D29500E1FC64 /* libs */,
				15CFC1D011E9D29500E1FC64 /* src */,
			);
			name = ofxOpenCv;
			path = ../../../addons/ofxOpenCv;
			sourceTree = SOURCE_ROOT;
		};
		15CFC1BA11E9D29500E1FC64 /* libs */ = {
			isa = PBXGroup;
			children = (
				15CFC1BB11E9D29500E1FC64 /* opencv */,
			);
			name = libs;
			path = ../../../addons/ofxOpenCv/libs;
			sourceTree = SOURCE_ROOT;
		};
		15CFC1BB11E9D29500E1FC64 /* opencv */ = {
			isa = PBXGroup;
			children = (
				15CFC1BC11E9D29500E1FC64 /* include */,
				15CFC1CD11E9D29500E1FC64 /* lib */,
			);
			name = opencv;
			path = ../../../addons/ofxOpenCv/libs/opencv;
			sourceTree = SOURCE_ROOT;
		};
		15CFC1BC11E9D29500E1FC64 /* include */ = {
			isa = PBXGroup;
			children = (
				15CFC1BD11E9D29500E1FC64 /* cv.h */,
				15CFC1BE11E9D29500E1FC64 /* cv.hpp */,
				15CFC1BF11E9D29500E1FC64 /* cvaux.h */,
				15CFC1C011E9D29500E1FC64 /* cvaux.hpp */,
				15CFC1C111E9D29500E1FC64 /* cvcompat.h */,
				15CFC1C211E9D29500E1FC64 /* cvmat.hpp */,
				15CFC1C311E9D29500E1FC64 /* cvstreams.h */,
				15CFC1C411E9D29500E1FC64 /* cvtypes.h */,
				15CFC1C511E9D29500E1FC64 /* cvver.h */,
				15CFC1C611E9D29500E1FC64 /* cvvidsurv.hpp */,
				15CFC1C711E9D29500E1FC64 /* cvwimage.h */,
				15CFC1C811E9D29500E1FC64 /* cxcore.h */,
				15CFC1C911E9D29500E1FC64 /* cxcore.hpp */,
				15CFC1CA11E9D29500E1FC64 /* cxerror.h */,
				15CFC1CB11E9D29500E1FC64 /* cxmisc.h */,
				15CFC1CC11E9D29500E1FC64 /* cxtypes.h */,
			);
			name = include;
			path = ../../../addons/ofxOpenCv/libs/opencv/include;
			sourceTree = SOURCE_ROOT;
		};
		15CFC1CD11E9D29500E1FC64 /* lib */ = {
			isa = PBXGroup;
			children = (
				15CFC1CE11E9D29500E1FC64 /* osx */,
			);
			name = lib;
			path = ../../../addons/ofxOpenCv/libs/opencv/lib;
			sourceTree = SOURCE_ROOT;
		};
		15CFC1CE11E9D29500E1FC64 /* osx */ = {
			isa = PBXGroup;
			children = (
				15CFC1CF11E9D29500E1FC64 /* openCV.a */,
			);
			name = osx;
			path = ../../../addons/ofxOpenCv/libs/opencv/lib/osx;
			sourceTree = SOURCE_ROOT;
		};
		15CFC1D011E9D29500E1FC64 /* src */ = {
			isa = PBXGroup;
			children = (
				15CFC1D111E9D29500E1FC64 /* ofxCvBlob.h */,
				15CFC1D211E9D29500E1FC64 /* ofxCvColorImage.cpp */,
				15CFC1D311E9D29500E1FC64 /* ofxCvColorImage.h */,
				15CFC1D411E9D29500E1FC64 /* ofxCvConstants.h */,
				15CFC1D511E9D29500E1FC64 /* ofxCvContourFinder.cpp */,
				15CFC1D611E9D29500E1FC64 /* ofxCvContourFinder.h */,
				15CFC1D711E9D29500E1FC64 /* ofxCvFloatImage.cpp */,
				15CFC1D811E9D29500E1FC64 /* ofxCvFloatImage.h */,
				15CFC1D911E9D29500E1FC64 /* ofxCvGrayscaleImage.cpp */,
				15CFC1DA11E9D29500E1FC64 /* ofxCvGrayscaleImage.h */,
				15CFC1DB11E9D29500E1FC64 /* ofxCvImage.cpp */,
				15CFC1DC11E9D29500E1FC64 /* ofxCvImage.h */,
				15CFC1DD11E9D29500E1FC64 /* ofxCvMain.h */,
				15CFC1DE11E9D29500E1FC64 /* ofxCvShortImage.cpp */,
				15CFC1DF11E9D29500E1FC64 /* ofxCvShortImage.h */,
				15CFC1E011E9D29500E1FC64 /* ofxOpenCv.h */,
			);
			name = src;
			path = ../../../addons/ofxOpenCv/src;
			sourceTree = SOURCE_ROOT;
		};
		B274CDFB11E15AF500E26214 /* boids */ = {
			isa = PBXGroup;
			children = (
				15A2C9F811E5570B0087EB00 /* Flock.h */,
				15A2C9F911E5570B0087EB00 /* Flock.cpp */,
				B274CDFD11E15B1700E26214 /* Boid.h */,
				B274CDFE11E15B1700E26214 /* Boid.cpp */,
				1583D02C11E5B3E700EB1BA6 /* BoidForce.h */,
				1583D02D11E5B3E700EB1BA6 /* BoidForce.cpp */,
				1542BBA211E4C08100646071 /* BoidFood.h */,
				1542BBA311E4C08100646071 /* BoidFood.cpp */,
				15C88FC711E60446006C38FA /* BoidObstacle.h */,
				15C88FC811E60446006C38FA /* BoidObstacle.cpp */,
			);
			name = boids;
			path = src/boids;
			sourceTree = SOURCE_ROOT;
		};
		B274CDFC11E15AFF00E26214 /* addons */ = {
			isa = PBXGroup;
			children = (
				B274CE0E11E15BE500E26214 /* ofxVectorMath */,
				B274CF4311E1ADD600E26214 /* ofxSimpleGuiToo_rev204 */,
				B274CF7711E1ADDF00E26214 /* ofxXmlSettings */,
				B274CF8411E1ADE600E26214 /* ofxMSAInteractiveObject_rev186 */,
				15CFC1B911E9D29500E1FC64 /* ofxOpenCv */,
			);
			name = addons;
			sourceTree = "<group>";
		};
		B274CE0E11E15BE500E26214 /* ofxVectorMath */ = {
			isa = PBXGroup;
			children = (
				B274CE0F11E15BE500E26214 /* src */,
			);
			name = ofxVectorMath;
			path = ../../../addons/ofxVectorMath;
			sourceTree = SOURCE_ROOT;
		};
		B274CE0F11E15BE500E26214 /* src */ = {
			isa = PBXGroup;
			children = (
				B274CE1011E15BE500E26214 /* ofxMatrix3x3.cpp */,
				B274CE1111E15BE500E26214 /* ofxMatrix3x3.h */,
				B274CE1211E15BE500E26214 /* ofxMatrix4x4.cpp */,
				B274CE1311E15BE500E26214 /* ofxMatrix4x4.h */,
				B274CE1411E15BE500E26214 /* ofxPoint2f.h */,
				B274CE1511E15BE500E26214 /* ofxPoint3f.h */,
				B274CE1611E15BE500E26214 /* ofxPoint4f.h */,
				B274CE1711E15BE500E26214 /* ofxQuaternion.cpp */,
				B274CE1811E15BE500E26214 /* ofxQuaternion.h */,
				B274CE1911E15BE500E26214 /* ofxVec2f.h */,
				B274CE1A11E15BE500E26214 /* ofxVec3f.h */,
				B274CE1B11E15BE500E26214 /* ofxVec4f.h */,
				B274CE1C11E15BE500E26214 /* ofxVectorMath.h */,
			);
			name = src;
			path = ../../../addons/ofxVectorMath/src;
			sourceTree = SOURCE_ROOT;
		};
		B274CECB11E1863500E26214 /* _ref */ = {
			isa = PBXGroup;
			children = (
				B274CECC11E1863500E26214 /* flock */,
			);
			name = _ref;
			path = src/_ref;
			sourceTree = SOURCE_ROOT;
		};
		B274CECC11E1863500E26214 /* flock */ = {
			isa = PBXGroup;
			children = (
				B274CECD11E1863500E26214 /* Boid.cpp */,
				B274CECE11E1863500E26214 /* Boid.h */,
				B274CECF11E1863500E26214 /* Flock.cpp */,
				B274CED011E1863500E26214 /* Flock.h */,
				B274CED111E1863500E26214 /* main.cpp */,
				B274CED211E1863500E26214 /* testApp.cpp */,
				B274CED311E1863500E26214 /* testApp.h */,
			);
			name = flock;
			path = src/_ref/flock;
			sourceTree = SOURCE_ROOT;
		};
		B274CF4311E1ADD600E26214 /* ofxSimpleGuiToo_rev204 */ = {
			isa = PBXGroup;
			children = (
				B274CF4411E1ADD600E26214 /* src */,
			);
			name = ofxSimpleGuiToo_rev204;
			path = ../../../addons/ofxSimpleGuiToo_rev204;
			sourceTree = SOURCE_ROOT;
		};
		B274CF4411E1ADD600E26214 /* src */ = {
			isa = PBXGroup;
			children = (
				B274CF4511E1ADD600E26214 /* Controls */,
				B274CF5F11E1ADD600E26214 /* ofxSimpleGuiConfig.cpp */,
				B274CF6011E1ADD600E26214 /* ofxSimpleGuiConfig.h */,
				B274CF6111E1ADD600E26214 /* ofxSimpleGuiControl.cpp */,
				B274CF6211E1ADD600E26214 /* ofxSimpleGuiControl.h */,
				B274CF6311E1ADD600E26214 /* ofxSimpleGuiIncludes.h */,
				B274CF6411E1ADD600E26214 /* ofxSimpleGuiPage.cpp */,
				B274CF6511E1ADD600E26214 /* ofxSimpleGuiPage.h */,
				B274CF6611E1ADD600E26214 /* ofxSimpleGuiToo.cpp */,
				B274CF6711E1ADD600E26214 /* ofxSimpleGuiToo.h */,
			);
			name = src;
			path = ../../../addons/ofxSimpleGuiToo_rev204/src;
			sourceTree = SOURCE_ROOT;
		};
		B274CF4511E1ADD600E26214 /* Controls */ = {
			isa = PBXGroup;
			children = (
				B274CF4611E1ADD600E26214 /* ofxSimpleGuiButton.cpp */,
				B274CF4711E1ADD600E26214 /* ofxSimpleGuiButton.h */,
				B274CF4811E1ADD600E26214 /* ofxSimpleGuiColorPicker.cpp */,
				B274CF4911E1ADD600E26214 /* ofxSimpleGuiColorPicker.h */,
				B274CF4A11E1ADD600E26214 /* ofxSimpleGuiContent.cpp */,
				B274CF4B11E1ADD600E26214 /* ofxSimpleGuiContent.h */,
				B274CF4C11E1ADD600E26214 /* ofxSimpleGuiFPSCounter.cpp */,
				B274CF4D11E1ADD600E26214 /* ofxSimpleGuiFPSCounter.h */,
				B274CF4E11E1ADD600E26214 /* ofxSimpleGuiMovieSlider.cpp */,
				B274CF4F11E1ADD600E26214 /* ofxSimpleGuiMovieSlider.h */,
				B274CF5011E1ADD600E26214 /* ofxSimpleGuiOption.cpp */,
				B274CF5111E1ADD600E26214 /* ofxSimpleGuiOption.h */,
				B274CF5211E1ADD600E26214 /* ofxSimpleGuiOptionGroup.cpp */,
				B274CF5311E1ADD600E26214 /* ofxSimpleGuiOptionGroup.h */,
				B274CF5411E1ADD600E26214 /* ofxSimpleGuiQuadWarp.cpp */,
				B274CF5511E1ADD600E26214 /* ofxSimpleGuiQuadWarp.h */,
				B274CF5611E1ADD600E26214 /* ofxSimpleGuiSlider2d.cpp */,
				B274CF5711E1ADD600E26214 /* ofxSimpleGuiSlider2d.h */,
				B274CF5811E1ADD600E26214 /* ofxSimpleGuiSliderBase.h */,
				B274CF5911E1ADD600E26214 /* ofxSimpleGuiSliderFloat.h */,
				B274CF5A11E1ADD600E26214 /* ofxSimpleGuiSliderInt.h */,
				B274CF5B11E1ADD600E26214 /* ofxSimpleGuiTitle.cpp */,
				B274CF5C11E1ADD600E26214 /* ofxSimpleGuiTitle.h */,
				B274CF5D11E1ADD600E26214 /* ofxSimpleGuiToggle.cpp */,
				B274CF5E11E1ADD600E26214 /* ofxSimpleGuiToggle.h */,
			);
			name = Controls;
			path = ../../../addons/ofxSimpleGuiToo_rev204/src/Controls;
			sourceTree = SOURCE_ROOT;
		};
		B274CF7711E1ADDF00E26214 /* ofxXmlSettings */ = {
			isa = PBXGroup;
			children = (
				B274CF7811E1ADDF00E26214 /* libs */,
				B274CF7D11E1ADDF00E26214 /* src */,
			);
			name = ofxXmlSettings;
			path = ../../../addons/ofxXmlSettings;
			sourceTree = SOURCE_ROOT;
		};
		B274CF7811E1ADDF00E26214 /* libs */ = {
			isa = PBXGroup;
			children = (
				B274CF7911E1ADDF00E26214 /* tinyxml.cpp */,
				B274CF7A11E1ADDF00E26214 /* tinyxml.h */,
				B274CF7B11E1ADDF00E26214 /* tinyxmlerror.cpp */,
				B274CF7C11E1ADDF00E26214 /* tinyxmlparser.cpp */,
			);
			name = libs;
			path = ../../../addons/ofxXmlSettings/libs;
			sourceTree = SOURCE_ROOT;
		};
		B274CF7D11E1ADDF00E26214 /* src */ = {
			isa = PBXGroup;
			children = (
				B274CF7E11E1ADDF00E26214 /* ofxXmlSettings.cpp */,
				B274CF7F11E1ADDF00E26214 /* ofxXmlSettings.h */,
			);
			name = src;
			path = ../../../addons/ofxXmlSettings/src;
			sourceTree = SOURCE_ROOT;
		};
		B274CF8411E1ADE600E26214 /* ofxMSAInteractiveObject_rev186 */ = {
			isa = PBXGroup;
			children = (
				B274CF8511E1ADE600E26214 /* src */,
			);
			name = ofxMSAInteractiveObject_rev186;
			path = ../../../addons/ofxMSAInteractiveObject_rev186;
			sourceTree = SOURCE_ROOT;
		};
		B274CF8511E1ADE600E26214 /* src */ = {
			isa = PBXGroup;
			children = (
				B274CF8611E1ADE600E26214 /* ofxMSAInteractiveObject.cpp */,
				B274CF8711E1ADE600E26214 /* ofxMSAInteractiveObject.h */,
			);
			name = src;
			path = ../../../addons/ofxMSAInteractiveObject_rev186/src;
			sourceTree = SOURCE_ROOT;
		};
		E45BE0360E8CC5DE009D7055 /* libs */ = {
			isa = PBXGroup;
			children = (
				E45BEED60E8CCB34009D7055 /* core */,
			);
			name = libs;
			sourceTree = "<group>";
		};
		E45BE0370E8CC647009D7055 /* freeimage */ = {
			isa = PBXGroup;
			children = (
				E4C246D810CCAE22004149E2 /* osx */,
				E45BE0380E8CC647009D7055 /* include */,
			);
			name = freeimage;
			path = ../../../libs/freeimage;
			sourceTree = SOURCE_ROOT;
		};
		E45BE0380E8CC647009D7055 /* include */ = {
			isa = PBXGroup;
			children = (
				E45BE0390E8CC647009D7055 /* FreeImage.h */,
			);
			name = include;
			path = ../../../libs/freeimage/include;
			sourceTree = SOURCE_ROOT;
		};
		E45BE03D0E8CC650009D7055 /* fmodex */ = {
			isa = PBXGroup;
			children = (
				E45BE03E0E8CC650009D7055 /* inc */,
				E4C2428E10CC5C18004149E2 /* osx */,
			);
			name = fmodex;
			path = ../../../libs/fmodex;
			sourceTree = SOURCE_ROOT;
		};
		E45BE03E0E8CC650009D7055 /* inc */ = {
			isa = PBXGroup;
			children = (
				E45BE03F0E8CC650009D7055 /* fmod.h */,
				E45BE0400E8CC650009D7055 /* fmod.hpp */,
				E45BE0410E8CC650009D7055 /* fmod_codec.h */,
				E45BE0420E8CC650009D7055 /* fmod_dsp.h */,
				E45BE0430E8CC650009D7055 /* fmod_errors.h */,
				E45BE0440E8CC650009D7055 /* fmod_output.h */,
			);
			name = inc;
			path = ../../../libs/fmodex/include;
			sourceTree = SOURCE_ROOT;
		};
		E45BE0480E8CC657009D7055 /* core libraries */ = {
			isa = PBXGroup;
			children = (
				E4C2425B10CC5A78004149E2 /* glut */,
				E45BEC7B0E8CC911009D7055 /* poco */,
				E45BE2D50E8CC69C009D7055 /* rtAudio */,
				E45BE0A50E8CC67C009D7055 /* GLee */,
				E45BE0490E8CC676009D7055 /* freetype */,
				E45BE03D0E8CC650009D7055 /* fmodex */,
				E45BE0370E8CC647009D7055 /* freeimage */,
			);
			name = "core libraries";
			sourceTree = "<group>";
		};
		E45BE0490E8CC676009D7055 /* freetype */ = {
			isa = PBXGroup;
			children = (
				E4C2429210CC5C38004149E2 /* osx */,
			);
			name = freetype;
			path = ../../../libs/freetype;
			sourceTree = SOURCE_ROOT;
		};
		E45BE0A50E8CC67C009D7055 /* GLee */ = {
			isa = PBXGroup;
			children = (
				E45BE0A60E8CC67C009D7055 /* include */,
				E45BE0A80E8CC67C009D7055 /* lib */,
			);
			name = GLee;
			path = ../../../libs/GLee;
			sourceTree = SOURCE_ROOT;
		};
		E45BE0A60E8CC67C009D7055 /* include */ = {
			isa = PBXGroup;
			children = (
				E45BE0A70E8CC67C009D7055 /* GLee.h */,
			);
			name = include;
			path = ../../../libs/GLee/include;
			sourceTree = SOURCE_ROOT;
		};
		E45BE0A80E8CC67C009D7055 /* lib */ = {
			isa = PBXGroup;
			children = (
				E45BE0A90E8CC67C009D7055 /* GLee.a */,
			);
			name = lib;
			path = ../../../libs/GLee/lib/osx;
			sourceTree = SOURCE_ROOT;
		};
		E45BE2D50E8CC69C009D7055 /* rtAudio */ = {
			isa = PBXGroup;
			children = (
				E45BE2D60E8CC69C009D7055 /* include */,
				E45BE2E20E8CC69C009D7055 /* lib */,
			);
			name = rtAudio;
			path = ../../../libs/rtAudio;
			sourceTree = SOURCE_ROOT;
		};
		E45BE2D60E8CC69C009D7055 /* include */ = {
			isa = PBXGroup;
			children = (
				E45BE2D70E8CC69C009D7055 /* asio */,
				E45BE2E00E8CC69C009D7055 /* RtAudio.h */,
				E45BE2E10E8CC69C009D7055 /* RtError.h */,
			);
			name = include;
			path = ../../../libs/rtAudio/include;
			sourceTree = SOURCE_ROOT;
		};
		E45BE2D70E8CC69C009D7055 /* asio */ = {
			isa = PBXGroup;
			children = (
			);
			name = asio;
			path = ../../../libs/rtAudio/include/asio;
			sourceTree = SOURCE_ROOT;
		};
		E45BE2E20E8CC69C009D7055 /* lib */ = {
			isa = PBXGroup;
			children = (
				E45BE2E30E8CC69C009D7055 /* rtAudio.a */,
			);
			name = lib;
			path = ../../../libs/rtAudio/lib/osx;
			sourceTree = SOURCE_ROOT;
		};
		E45BE5980E8CC70C009D7055 /* core frameworks */ = {
			isa = PBXGroup;
			children = (
				E4C2424410CC5A17004149E2 /* AppKit.framework */,
				E4C2424510CC5A17004149E2 /* Cocoa.framework */,
				E4C2424610CC5A17004149E2 /* IOKit.framework */,
				E45BE9710E8CC7DD009D7055 /* AGL.framework */,
				E45BE9720E8CC7DD009D7055 /* ApplicationServices.framework */,
				E45BE9730E8CC7DD009D7055 /* AudioToolbox.framework */,
				E45BE9740E8CC7DD009D7055 /* Carbon.framework */,
				E45BE9750E8CC7DD009D7055 /* CoreAudio.framework */,
				E45BE9760E8CC7DD009D7055 /* CoreFoundation.framework */,
				E45BE9770E8CC7DD009D7055 /* CoreServices.framework */,
				E45BE9790E8CC7DD009D7055 /* OpenGL.framework */,
				E45BE97A0E8CC7DD009D7055 /* QuickTime.framework */,
			);
			name = "core frameworks";
			sourceTree = "<group>";
		};
		E45BEC7B0E8CC911009D7055 /* poco */ = {
			isa = PBXGroup;
			children = (
				E4C2427910CC5B66004149E2 /* osx */,
			);
			name = poco;
			path = ../../../libs/poco;
			sourceTree = SOURCE_ROOT;
		};
		E45BEED60E8CCB34009D7055 /* core */ = {
			isa = PBXGroup;
			children = (
				E45BE0480E8CC657009D7055 /* core libraries */,
				E45BE5980E8CC70C009D7055 /* core frameworks */,
			);
			name = core;
			sourceTree = "<group>";
		};
		E4B69B4A0A3A1720003C02F2 = {
			isa = PBXGroup;
			children = (
				E4B69B5B0A3A1756003C02F2 /* emptyExampleDebug.app */,
				E4B6FCAD0C3E899E008CF71C /* openFrameworks-Info.plist */,
				E4B69E1C0A3A1BDC003C02F2 /* src */,
				B274CDFC11E15AFF00E26214 /* addons */,
				E4C2422310CC54B6004149E2 /* openFrameworks */,
				E45BE0360E8CC5DE009D7055 /* libs */,
			);
			sourceTree = "<group>";
		};
		E4B69E1C0A3A1BDC003C02F2 /* src */ = {
			isa = PBXGroup;
			children = (
				E4B69E1D0A3A1BDC003C02F2 /* main.cpp */,
				E4B69E1E0A3A1BDC003C02F2 /* testApp.cpp */,
				E4B69E1F0A3A1BDC003C02F2 /* testApp.h */,
				B274CDFB11E15AF500E26214 /* boids */,
				B274CECB11E1863500E26214 /* _ref */,
			);
			path = src;
			sourceTree = SOURCE_ROOT;
		};
		E4C2421710CC549C004149E2 /* Products */ = {
			isa = PBXGroup;
			children = (
				E4C2421E10CC549C004149E2 /* openFrameworksDebug.a */,
			);
			name = Products;
			sourceTree = "<group>";
		};
		E4C2422310CC54B6004149E2 /* openFrameworks */ = {
			isa = PBXGroup;
			children = (
				E4C2421610CC549C004149E2 /* openFrameworksLib.xcodeproj */,
			);
			name = openFrameworks;
			sourceTree = "<group>";
		};
		E4C2425B10CC5A78004149E2 /* glut */ = {
			isa = PBXGroup;
			children = (
				E4C2425D10CC5A78004149E2 /* lib */,
			);
			name = glut;
			path = ../../../libs/glut;
			sourceTree = SOURCE_ROOT;
		};
		E4C2425D10CC5A78004149E2 /* lib */ = {
			isa = PBXGroup;
			children = (
				E4C2425E10CC5A78004149E2 /* osx */,
			);
			name = lib;
			path = ../../../libs/glut/lib;
			sourceTree = SOURCE_ROOT;
		};
		E4C2425E10CC5A78004149E2 /* osx */ = {
			isa = PBXGroup;
			children = (
				E4C2425F10CC5A78004149E2 /* GLUT.framework */,
			);
			name = osx;
			path = ../../../libs/glut/lib/osx;
			sourceTree = SOURCE_ROOT;
		};
		E4C2427910CC5B66004149E2 /* osx */ = {
			isa = PBXGroup;
			children = (
				E4C2427A10CC5B66004149E2 /* CppUnit.a */,
				E4C2427B10CC5B66004149E2 /* PocoFoundation.a */,
				E4C2427C10CC5B66004149E2 /* PocoNet.a */,
				E4C2427D10CC5B66004149E2 /* PocoUtil.a */,
				E4C2427E10CC5B66004149E2 /* PocoXML.a */,
			);
			name = osx;
			path = ../../../libs/poco/lib/osx;
			sourceTree = SOURCE_ROOT;
		};
		E4C2428E10CC5C18004149E2 /* osx */ = {
			isa = PBXGroup;
			children = (
				E4C242CC10CC650E004149E2 /* libfmodex.dylib */,
			);
			name = osx;
			path = ../../../libs/fmodex/lib/osx;
			sourceTree = SOURCE_ROOT;
		};
		E4C2429210CC5C38004149E2 /* osx */ = {
			isa = PBXGroup;
			children = (
				E4C2429310CC5C38004149E2 /* freetype.a */,
			);
			name = osx;
			path = ../../../libs/freetype/lib/osx;
			sourceTree = SOURCE_ROOT;
		};
		E4C246D810CCAE22004149E2 /* osx */ = {
			isa = PBXGroup;
			children = (
				E4C246D910CCAE22004149E2 /* freeimage.a */,
			);
			name = osx;
			path = ../../../libs/FreeImage/lib/osx;
			sourceTree = SOURCE_ROOT;
		};
/* End PBXGroup section */

/* Begin PBXNativeTarget section */
		E4B69B5A0A3A1756003C02F2 /* emptyExample */ = {
			isa = PBXNativeTarget;
			buildConfigurationList = E4B69B5F0A3A1757003C02F2 /* Build configuration list for PBXNativeTarget "emptyExample" */;
			buildPhases = (
				E4B69B580A3A1756003C02F2 /* Sources */,
				E4B69B590A3A1756003C02F2 /* Frameworks */,
				E4B6FFFD0C3F9AB9008CF71C /* ShellScript */,
				E4C2427710CC5ABF004149E2 /* CopyFiles */,
				E4C2444710CC769B004149E2 /* CopyFiles */,
			);
			buildRules = (
			);
			dependencies = (
				E4C2422810CC54DA004149E2 /* PBXTargetDependency */,
			);
			name = emptyExample;
			productName = myOFApp;
			productReference = E4B69B5B0A3A1756003C02F2 /* emptyExampleDebug.app */;
			productType = "com.apple.product-type.application";
		};
/* End PBXNativeTarget section */

/* Begin PBXProject section */
		E4B69B4C0A3A1720003C02F2 /* Project object */ = {
			isa = PBXProject;
			buildConfigurationList = E4B69B4D0A3A1720003C02F2 /* Build configuration list for PBXProject "emptyExample" */;
			compatibilityVersion = "Xcode 2.4";
			hasScannedForEncodings = 0;
			mainGroup = E4B69B4A0A3A1720003C02F2;
			productRefGroup = E4B69B4A0A3A1720003C02F2;
			projectDirPath = "";
			projectReferences = (
				{
					ProductGroup = E4C2421710CC549C004149E2 /* Products */;
					ProjectRef = E4C2421610CC549C004149E2 /* openFrameworksLib.xcodeproj */;
				},
			);
			projectRoot = "";
			targets = (
				E4B69B5A0A3A1756003C02F2 /* emptyExample */,
			);
		};
/* End PBXProject section */

/* Begin PBXReferenceProxy section */
		E4C2421E10CC549C004149E2 /* openFrameworksDebug.a */ = {
			isa = PBXReferenceProxy;
			fileType = archive.ar;
			path = openFrameworksDebug.a;
			remoteRef = E4C2421D10CC549C004149E2 /* PBXContainerItemProxy */;
			sourceTree = BUILT_PRODUCTS_DIR;
		};
/* End PBXReferenceProxy section */

/* Begin PBXShellScriptBuildPhase section */
		E4B6FFFD0C3F9AB9008CF71C /* ShellScript */ = {
			isa = PBXShellScriptBuildPhase;
			buildActionMask = 2147483647;
			files = (
			);
			inputPaths = (
			);
			outputPaths = (
			);
			runOnlyForDeploymentPostprocessing = 0;
			shellPath = /bin/sh;
			shellScript = "cp -f ../../../libs/fmodex/lib/osx/libfmodex.dylib \"$TARGET_BUILD_DIR/$PRODUCT_NAME.app/Contents/MacOS/libfmodex.dylib\"\ninstall_name_tool -change ./libfmodex.dylib @executable_path/libfmodex.dylib \"$TARGET_BUILD_DIR/$PRODUCT_NAME.app/Contents/MacOS/$PRODUCT_NAME\" ";
		};
/* End PBXShellScriptBuildPhase section */

/* Begin PBXSourcesBuildPhase section */
		E4B69B580A3A1756003C02F2 /* Sources */ = {
			isa = PBXSourcesBuildPhase;
			buildActionMask = 2147483647;
			files = (
				E4B69E200A3A1BDC003C02F2 /* main.cpp in Sources */,
				E4B69E210A3A1BDC003C02F2 /* testApp.cpp in Sources */,
				B274CDFF11E15B1700E26214 /* Boid.cpp in Sources */,
				B274CE1D11E15BE500E26214 /* ofxMatrix3x3.cpp in Sources */,
				B274CE1E11E15BE500E26214 /* ofxMatrix4x4.cpp in Sources */,
				B274CE1F11E15BE500E26214 /* ofxQuaternion.cpp in Sources */,
				B274CF6811E1ADD600E26214 /* ofxSimpleGuiButton.cpp in Sources */,
				B274CF6911E1ADD600E26214 /* ofxSimpleGuiColorPicker.cpp in Sources */,
				B274CF6A11E1ADD600E26214 /* ofxSimpleGuiContent.cpp in Sources */,
				B274CF6B11E1ADD600E26214 /* ofxSimpleGuiFPSCounter.cpp in Sources */,
				B274CF6C11E1ADD600E26214 /* ofxSimpleGuiMovieSlider.cpp in Sources */,
				B274CF6D11E1ADD600E26214 /* ofxSimpleGuiOption.cpp in Sources */,
				B274CF6E11E1ADD600E26214 /* ofxSimpleGuiOptionGroup.cpp in Sources */,
				B274CF6F11E1ADD600E26214 /* ofxSimpleGuiQuadWarp.cpp in Sources */,
				B274CF7011E1ADD600E26214 /* ofxSimpleGuiSlider2d.cpp in Sources */,
				B274CF7111E1ADD600E26214 /* ofxSimpleGuiTitle.cpp in Sources */,
				B274CF7211E1ADD600E26214 /* ofxSimpleGuiToggle.cpp in Sources */,
				B274CF7311E1ADD600E26214 /* ofxSimpleGuiConfig.cpp in Sources */,
				B274CF7411E1ADD600E26214 /* ofxSimpleGuiControl.cpp in Sources */,
				B274CF7511E1ADD600E26214 /* ofxSimpleGuiPage.cpp in Sources */,
				B274CF7611E1ADD600E26214 /* ofxSimpleGuiToo.cpp in Sources */,
				B274CF8011E1ADDF00E26214 /* tinyxml.cpp in Sources */,
				B274CF8111E1ADDF00E26214 /* tinyxmlerror.cpp in Sources */,
				B274CF8211E1ADDF00E26214 /* tinyxmlparser.cpp in Sources */,
				B274CF8311E1ADDF00E26214 /* ofxXmlSettings.cpp in Sources */,
				B274CF8811E1ADE600E26214 /* ofxMSAInteractiveObject.cpp in Sources */,
				1542BBA411E4C08100646071 /* BoidFood.cpp in Sources */,
				15A2C9FA11E5570B0087EB00 /* Flock.cpp in Sources */,
				1583D02E11E5B3E700EB1BA6 /* BoidForce.cpp in Sources */,
				15C88FC911E60446006C38FA /* BoidObstacle.cpp in Sources */,
				15CFC1E211E9D29500E1FC64 /* ofxCvColorImage.cpp in Sources */,
				15CFC1E311E9D29500E1FC64 /* ofxCvContourFinder.cpp in Sources */,
				15CFC1E411E9D29500E1FC64 /* ofxCvFloatImage.cpp in Sources */,
				15CFC1E511E9D29500E1FC64 /* ofxCvGrayscaleImage.cpp in Sources */,
				15CFC1E611E9D29500E1FC64 /* ofxCvImage.cpp in Sources */,
				15CFC1E711E9D29500E1FC64 /* ofxCvShortImage.cpp in Sources */,
			);
			runOnlyForDeploymentPostprocessing = 0;
		};
/* End PBXSourcesBuildPhase section */

/* Begin PBXTargetDependency section */
		E4C2422810CC54DA004149E2 /* PBXTargetDependency */ = {
			isa = PBXTargetDependency;
			name = openFrameworks;
			targetProxy = E4C2422710CC54DA004149E2 /* PBXContainerItemProxy */;
		};
/* End PBXTargetDependency section */

/* Begin XCBuildConfiguration section */
		E4B27CA010CBF8A600536013 /* ReleaseUniversal */ = {
			isa = XCBuildConfiguration;
			buildSettings = {
				ARCHS = (
					ppc,
					i386,
				);
				CONFIGURATION_BUILD_DIR = "$(SRCROOT)/bin/";
				COPY_PHASE_STRIP = YES;
				DEAD_CODE_STRIPPING = YES;
				GCC_AUTO_VECTORIZATION = YES;
				GCC_ENABLE_SSE3_EXTENSIONS = YES;
				GCC_ENABLE_SUPPLEMENTAL_SSE3_INSTRUCTIONS = YES;
				GCC_INLINES_ARE_PRIVATE_EXTERN = NO;
				GCC_MODEL_TUNING = G5;
				GCC_OPTIMIZATION_LEVEL = 3;
				GCC_SYMBOLS_PRIVATE_EXTERN = NO;
				GCC_UNROLL_LOOPS = YES;
				GCC_WARN_ABOUT_DEPRECATED_FUNCTIONS = NO;
				GCC_WARN_ABOUT_INVALID_OFFSETOF_MACRO = NO;
				GCC_WARN_ALLOW_INCOMPLETE_PROTOCOL = NO;
				GCC_WARN_UNINITIALIZED_AUTOS = NO;
				GCC_WARN_UNUSED_VALUE = NO;
				GCC_WARN_UNUSED_VARIABLE = NO;
				HEADER_SEARCH_PATHS = (
					"../../../libs/openFrameworks/**",
					../../../libs/freetype/include/,
					../../../libs/freetype/include/freetype2,
					../../../libs/poco/include,
				);
				OTHER_CPLUSPLUSFLAGS = (
					"-D__MACOSX_CORE__",
					"-lpthread",
				);
				OTHER_LDFLAGS = "";
				SDKROOT = /Developer/SDKs/MacOSX10.5.sdk;
			};
			name = ReleaseUniversal;
		};
		E4B27CA110CBF8A600536013 /* ReleaseUniversal */ = {
			isa = XCBuildConfiguration;
			buildSettings = {
				COPY_PHASE_STRIP = YES;
				FRAMEWORK_SEARCH_PATHS = (
					"$(inherited)",
					"$(FRAMEWORK_SEARCH_PATHS_QUOTED_FOR_TARGET_1)",
				);
				FRAMEWORK_SEARCH_PATHS_QUOTED_FOR_TARGET_1 = "\"$(SRCROOT)/../../../libs/glut/lib/osx\"";
				GCC_ENABLE_FIX_AND_CONTINUE = NO;
				GCC_GENERATE_DEBUGGING_SYMBOLS = NO;
				GCC_MODEL_TUNING = G4;
				GCC_PRECOMPILE_PREFIX_HEADER = YES;
				GCC_PREFIX_HEADER = "$(SYSTEM_LIBRARY_DIR)/Frameworks/Carbon.framework/Headers/Carbon.h";
				INFOPLIST_FILE = "openFrameworks-Info.plist";
				INSTALL_PATH = "$(HOME)/Applications";
				LIBRARY_SEARCH_PATHS = (
					"$(inherited)",
					"$(LIBRARY_SEARCH_PATHS_QUOTED_FOR_TARGET_1)",
					"$(LIBRARY_SEARCH_PATHS_QUOTED_FOR_TARGET_2)",
					"$(LIBRARY_SEARCH_PATHS_QUOTED_FOR_TARGET_3)",
					"$(LIBRARY_SEARCH_PATHS_QUOTED_FOR_TARGET_4)",
					"$(LIBRARY_SEARCH_PATHS_QUOTED_FOR_TARGET_5)",
					"$(LIBRARY_SEARCH_PATHS_QUOTED_FOR_TARGET_6)",
					"$(LIBRARY_SEARCH_PATHS_QUOTED_FOR_TARGET_7)",
					"$(LIBRARY_SEARCH_PATHS_QUOTED_FOR_TARGET_8)",
					"$(LIBRARY_SEARCH_PATHS_QUOTED_FOR_TARGET_9)",
					"$(LIBRARY_SEARCH_PATHS_QUOTED_FOR_TARGET_10)",
					"$(LIBRARY_SEARCH_PATHS_QUOTED_FOR_TARGET_11)",
					"$(LIBRARY_SEARCH_PATHS_QUOTED_FOR_TARGET_12)",
					"$(LIBRARY_SEARCH_PATHS_QUOTED_FOR_TARGET_13)",
					"$(LIBRARY_SEARCH_PATHS_QUOTED_FOR_TARGET_14)",
					"$(LIBRARY_SEARCH_PATHS_QUOTED_FOR_TARGET_15)",
					"$(LIBRARY_SEARCH_PATHS_QUOTED_FOR_TARGET_2)",
					"$(LIBRARY_SEARCH_PATHS_QUOTED_FOR_TARGET_3)",
				);
				LIBRARY_SEARCH_PATHS_QUOTED_FOR_TARGET_1 = "\"$(SRCROOT)/../../../libs/freeimage/lib/osx\"";
				LIBRARY_SEARCH_PATHS_QUOTED_FOR_TARGET_14 = "\"$(SRCROOT)/../../../libs/fmodex/lib/osx\"";
				LIBRARY_SEARCH_PATHS_QUOTED_FOR_TARGET_15 = "\"$(SRCROOT)/../../../libs/freetype/lib/osx\"";
				LIBRARY_SEARCH_PATHS_QUOTED_FOR_TARGET_2 = "\"$(SRCROOT)/../../../libs/FreeImage/lib/osx\"";
				LIBRARY_SEARCH_PATHS_QUOTED_FOR_TARGET_3 = "\"$(SRCROOT)/../../../addons/ofxOpenCv/libs/opencv/lib/osx\"";
				LIBRARY_SEARCH_PATHS_QUOTED_FOR_TARGET_4 = "\"$(SRCROOT)/../../../libs/GLee/lib/osx\"";
				LIBRARY_SEARCH_PATHS_QUOTED_FOR_TARGET_5 = "\"$(SRCROOT)/../../../libs/poco/lib/osx\"";
				LIBRARY_SEARCH_PATHS_QUOTED_FOR_TARGET_6 = "\"$(SRCROOT)/../../../libs/rtAudio/lib/osx\"";
				PREBINDING = NO;
				PRODUCT_NAME = "$(TARGET_NAME)Universal";
				WRAPPER_EXTENSION = app;
				ZERO_LINK = NO;
			};
			name = ReleaseUniversal;
		};
		E4B69B4E0A3A1720003C02F2 /* Debug */ = {
			isa = XCBuildConfiguration;
			buildSettings = {
				ARCHS = "$(NATIVE_ARCH)";
				CONFIGURATION_BUILD_DIR = "$(SRCROOT)/bin/";
				COPY_PHASE_STRIP = NO;
				DEAD_CODE_STRIPPING = YES;
				GCC_AUTO_VECTORIZATION = YES;
				GCC_ENABLE_SSE3_EXTENSIONS = YES;
				GCC_ENABLE_SUPPLEMENTAL_SSE3_INSTRUCTIONS = YES;
				GCC_INLINES_ARE_PRIVATE_EXTERN = NO;
				GCC_MODEL_TUNING = G5;
				GCC_SYMBOLS_PRIVATE_EXTERN = NO;
				GCC_WARN_ABOUT_DEPRECATED_FUNCTIONS = NO;
				GCC_WARN_ABOUT_INVALID_OFFSETOF_MACRO = NO;
				GCC_WARN_ALLOW_INCOMPLETE_PROTOCOL = NO;
				GCC_WARN_UNINITIALIZED_AUTOS = NO;
				GCC_WARN_UNUSED_VALUE = NO;
				GCC_WARN_UNUSED_VARIABLE = NO;
				HEADER_SEARCH_PATHS = (
					"../../../libs/openFrameworks/**",
					../../../libs/freetype/include/,
					../../../libs/freetype/include/freetype2,
					../../../libs/poco/include,
				);
				OTHER_CPLUSPLUSFLAGS = (
					"-D__MACOSX_CORE__",
					"-lpthread",
				);
				OTHER_LDFLAGS = "";
				SDKROOT = /Developer/SDKs/MacOSX10.5.sdk;
			};
			name = Debug;
		};
		E4B69B4F0A3A1720003C02F2 /* Release */ = {
			isa = XCBuildConfiguration;
			buildSettings = {
				ARCHS = "$(NATIVE_ARCH)";
				CONFIGURATION_BUILD_DIR = "$(SRCROOT)/bin/";
				COPY_PHASE_STRIP = YES;
				DEAD_CODE_STRIPPING = YES;
				GCC_AUTO_VECTORIZATION = YES;
				GCC_ENABLE_SSE3_EXTENSIONS = YES;
				GCC_ENABLE_SUPPLEMENTAL_SSE3_INSTRUCTIONS = YES;
				GCC_INLINES_ARE_PRIVATE_EXTERN = NO;
				GCC_MODEL_TUNING = G5;
				GCC_OPTIMIZATION_LEVEL = 3;
				GCC_SYMBOLS_PRIVATE_EXTERN = NO;
				GCC_UNROLL_LOOPS = YES;
				GCC_WARN_ABOUT_DEPRECATED_FUNCTIONS = NO;
				GCC_WARN_ABOUT_INVALID_OFFSETOF_MACRO = NO;
				GCC_WARN_ALLOW_INCOMPLETE_PROTOCOL = NO;
				GCC_WARN_UNINITIALIZED_AUTOS = NO;
				GCC_WARN_UNUSED_VALUE = NO;
				GCC_WARN_UNUSED_VARIABLE = NO;
				HEADER_SEARCH_PATHS = (
					"../../../libs/openFrameworks/**",
					../../../libs/freetype/include/,
					../../../libs/freetype/include/freetype2,
					../../../libs/poco/include,
				);
				OTHER_CPLUSPLUSFLAGS = (
					"-D__MACOSX_CORE__",
					"-lpthread",
				);
				OTHER_LDFLAGS = "";
				SDKROOT = /Developer/SDKs/MacOSX10.5.sdk;
			};
			name = Release;
		};
		E4B69B600A3A1757003C02F2 /* Debug */ = {
			isa = XCBuildConfiguration;
			buildSettings = {
				COPY_PHASE_STRIP = NO;
				FRAMEWORK_SEARCH_PATHS = (
					"$(inherited)",
					"$(FRAMEWORK_SEARCH_PATHS_QUOTED_FOR_TARGET_1)",
				);
				FRAMEWORK_SEARCH_PATHS_QUOTED_FOR_TARGET_1 = "\"$(SRCROOT)/../../../libs/glut/lib/osx\"";
				GCC_DYNAMIC_NO_PIC = NO;
				GCC_ENABLE_FIX_AND_CONTINUE = YES;
				GCC_GENERATE_DEBUGGING_SYMBOLS = YES;
				GCC_MODEL_TUNING = G4;
				GCC_OPTIMIZATION_LEVEL = 0;
				GCC_PRECOMPILE_PREFIX_HEADER = YES;
				GCC_PREFIX_HEADER = "$(SYSTEM_LIBRARY_DIR)/Frameworks/Carbon.framework/Headers/Carbon.h";
				INFOPLIST_FILE = "openFrameworks-Info.plist";
				INSTALL_PATH = "$(HOME)/Applications";
				LIBRARY_SEARCH_PATHS = (
					"$(inherited)",
					"$(LIBRARY_SEARCH_PATHS_QUOTED_FOR_TARGET_1)",
					"$(LIBRARY_SEARCH_PATHS_QUOTED_FOR_TARGET_2)",
					"$(LIBRARY_SEARCH_PATHS_QUOTED_FOR_TARGET_3)",
					"$(LIBRARY_SEARCH_PATHS_QUOTED_FOR_TARGET_4)",
					"$(LIBRARY_SEARCH_PATHS_QUOTED_FOR_TARGET_5)",
					"$(LIBRARY_SEARCH_PATHS_QUOTED_FOR_TARGET_6)",
					"$(LIBRARY_SEARCH_PATHS_QUOTED_FOR_TARGET_7)",
					"$(LIBRARY_SEARCH_PATHS_QUOTED_FOR_TARGET_8)",
					"$(LIBRARY_SEARCH_PATHS_QUOTED_FOR_TARGET_9)",
					"$(LIBRARY_SEARCH_PATHS_QUOTED_FOR_TARGET_10)",
					"$(LIBRARY_SEARCH_PATHS_QUOTED_FOR_TARGET_11)",
					"$(LIBRARY_SEARCH_PATHS_QUOTED_FOR_TARGET_12)",
					"$(LIBRARY_SEARCH_PATHS_QUOTED_FOR_TARGET_13)",
					"$(LIBRARY_SEARCH_PATHS_QUOTED_FOR_TARGET_14)",
					"$(LIBRARY_SEARCH_PATHS_QUOTED_FOR_TARGET_15)",
					"$(LIBRARY_SEARCH_PATHS_QUOTED_FOR_TARGET_2)",
					"$(LIBRARY_SEARCH_PATHS_QUOTED_FOR_TARGET_3)",
				);
				LIBRARY_SEARCH_PATHS_QUOTED_FOR_TARGET_1 = "\"$(SRCROOT)/../../../libs/freeimage/lib/osx\"";
				LIBRARY_SEARCH_PATHS_QUOTED_FOR_TARGET_14 = "\"$(SRCROOT)/../../../libs/fmodex/lib/osx\"";
				LIBRARY_SEARCH_PATHS_QUOTED_FOR_TARGET_15 = "\"$(SRCROOT)/../../../libs/freetype/lib/osx\"";
				LIBRARY_SEARCH_PATHS_QUOTED_FOR_TARGET_2 = "\"$(SRCROOT)/../../../libs/FreeImage/lib/osx\"";
				LIBRARY_SEARCH_PATHS_QUOTED_FOR_TARGET_3 = "\"$(SRCROOT)/../../../addons/ofxOpenCv/libs/opencv/lib/osx\"";
				LIBRARY_SEARCH_PATHS_QUOTED_FOR_TARGET_4 = "\"$(SRCROOT)/../../../libs/GLee/lib/osx\"";
				LIBRARY_SEARCH_PATHS_QUOTED_FOR_TARGET_5 = "\"$(SRCROOT)/../../../libs/poco/lib/osx\"";
				LIBRARY_SEARCH_PATHS_QUOTED_FOR_TARGET_6 = "\"$(SRCROOT)/../../../libs/rtAudio/lib/osx\"";
				PREBINDING = NO;
				PRODUCT_NAME = "$(TARGET_NAME)Debug";
				WRAPPER_EXTENSION = app;
				ZERO_LINK = NO;
			};
			name = Debug;
		};
		E4B69B610A3A1757003C02F2 /* Release */ = {
			isa = XCBuildConfiguration;
			buildSettings = {
				COPY_PHASE_STRIP = YES;
				FRAMEWORK_SEARCH_PATHS = (
					"$(inherited)",
					"$(FRAMEWORK_SEARCH_PATHS_QUOTED_FOR_TARGET_1)",
				);
				FRAMEWORK_SEARCH_PATHS_QUOTED_FOR_TARGET_1 = "\"$(SRCROOT)/../../../libs/glut/lib/osx\"";
				GCC_ENABLE_FIX_AND_CONTINUE = NO;
				GCC_GENERATE_DEBUGGING_SYMBOLS = NO;
				GCC_MODEL_TUNING = G4;
				GCC_PRECOMPILE_PREFIX_HEADER = YES;
				GCC_PREFIX_HEADER = "$(SYSTEM_LIBRARY_DIR)/Frameworks/Carbon.framework/Headers/Carbon.h";
				INFOPLIST_FILE = "openFrameworks-Info.plist";
				INSTALL_PATH = "$(HOME)/Applications";
				LIBRARY_SEARCH_PATHS = (
					"$(inherited)",
					"$(LIBRARY_SEARCH_PATHS_QUOTED_FOR_TARGET_1)",
					"$(LIBRARY_SEARCH_PATHS_QUOTED_FOR_TARGET_2)",
					"$(LIBRARY_SEARCH_PATHS_QUOTED_FOR_TARGET_3)",
					"$(LIBRARY_SEARCH_PATHS_QUOTED_FOR_TARGET_4)",
					"$(LIBRARY_SEARCH_PATHS_QUOTED_FOR_TARGET_5)",
					"$(LIBRARY_SEARCH_PATHS_QUOTED_FOR_TARGET_6)",
					"$(LIBRARY_SEARCH_PATHS_QUOTED_FOR_TARGET_7)",
					"$(LIBRARY_SEARCH_PATHS_QUOTED_FOR_TARGET_8)",
					"$(LIBRARY_SEARCH_PATHS_QUOTED_FOR_TARGET_9)",
					"$(LIBRARY_SEARCH_PATHS_QUOTED_FOR_TARGET_10)",
					"$(LIBRARY_SEARCH_PATHS_QUOTED_FOR_TARGET_11)",
					"$(LIBRARY_SEARCH_PATHS_QUOTED_FOR_TARGET_12)",
					"$(LIBRARY_SEARCH_PATHS_QUOTED_FOR_TARGET_13)",
					"$(LIBRARY_SEARCH_PATHS_QUOTED_FOR_TARGET_14)",
					"$(LIBRARY_SEARCH_PATHS_QUOTED_FOR_TARGET_15)",
					"$(LIBRARY_SEARCH_PATHS_QUOTED_FOR_TARGET_2)",
					"$(LIBRARY_SEARCH_PATHS_QUOTED_FOR_TARGET_3)",
				);
				LIBRARY_SEARCH_PATHS_QUOTED_FOR_TARGET_1 = "\"$(SRCROOT)/../../../libs/freeimage/lib/osx\"";
				LIBRARY_SEARCH_PATHS_QUOTED_FOR_TARGET_14 = "\"$(SRCROOT)/../../../libs/fmodex/lib/osx\"";
				LIBRARY_SEARCH_PATHS_QUOTED_FOR_TARGET_15 = "\"$(SRCROOT)/../../../libs/freetype/lib/osx\"";
				LIBRARY_SEARCH_PATHS_QUOTED_FOR_TARGET_2 = "\"$(SRCROOT)/../../../libs/FreeImage/lib/osx\"";
				LIBRARY_SEARCH_PATHS_QUOTED_FOR_TARGET_3 = "\"$(SRCROOT)/../../../addons/ofxOpenCv/libs/opencv/lib/osx\"";
				LIBRARY_SEARCH_PATHS_QUOTED_FOR_TARGET_4 = "\"$(SRCROOT)/../../../libs/GLee/lib/osx\"";
				LIBRARY_SEARCH_PATHS_QUOTED_FOR_TARGET_5 = "\"$(SRCROOT)/../../../libs/poco/lib/osx\"";
				LIBRARY_SEARCH_PATHS_QUOTED_FOR_TARGET_6 = "\"$(SRCROOT)/../../../libs/rtAudio/lib/osx\"";
				PREBINDING = NO;
				PRODUCT_NAME = "$(TARGET_NAME)";
				WRAPPER_EXTENSION = app;
				ZERO_LINK = NO;
			};
			name = Release;
		};
/* End XCBuildConfiguration section */

/* Begin XCConfigurationList section */
		E4B69B4D0A3A1720003C02F2 /* Build configuration list for PBXProject "emptyExample" */ = {
			isa = XCConfigurationList;
			buildConfigurations = (
				E4B69B4E0A3A1720003C02F2 /* Debug */,
				E4B69B4F0A3A1720003C02F2 /* Release */,
				E4B27CA010CBF8A600536013 /* ReleaseUniversal */,
			);
			defaultConfigurationIsVisible = 0;
			defaultConfigurationName = Release;
		};
		E4B69B5F0A3A1757003C02F2 /* Build configuration list for PBXNativeTarget "emptyExample" */ = {
			isa = XCConfigurationList;
			buildConfigurations = (
				E4B69B600A3A1757003C02F2 /* Debug */,
				E4B69B610A3A1757003C02F2 /* Release */,
				E4B27CA110CBF8A600536013 /* ReleaseUniversal */,
			);
			defaultConfigurationIsVisible = 0;
			defaultConfigurationName = Release;
		};
/* End XCConfigurationList section */
	};
	rootObject = E4B69B4C0A3A1720003C02F2 /* Project object */;
}
